// !$*UTF8*$!
{
	archiveVersion = 1;
	classes = {
	};
	objectVersion = 56;
	objects = {

/* Begin PBXBuildFile section */
		640AE83D2B2669D70045F1B9 /* SignInScreenVM.swift in Sources */ = {isa = PBXBuildFile; fileRef = 640AE83C2B2669D70045F1B9 /* SignInScreenVM.swift */; };
		640AE83F2B266A1E0045F1B9 /* SignInScreenService.swift in Sources */ = {isa = PBXBuildFile; fileRef = 640AE83E2B266A1E0045F1B9 /* SignInScreenService.swift */; };
		640AE8412B266B2F0045F1B9 /* RequestVerificationCodeEndpoint.swift in Sources */ = {isa = PBXBuildFile; fileRef = 640AE8402B266B2F0045F1B9 /* RequestVerificationCodeEndpoint.swift */; };
		640AE8432B266C460045F1B9 /* TokenAndPhoneModel.swift in Sources */ = {isa = PBXBuildFile; fileRef = 640AE8422B266C460045F1B9 /* TokenAndPhoneModel.swift */; };
		640AE8452B266C6D0045F1B9 /* TokenAndPhoneVM.swift in Sources */ = {isa = PBXBuildFile; fileRef = 640AE8442B266C6D0045F1B9 /* TokenAndPhoneVM.swift */; };
		640B33352B19210000BECE0E /* FormFieldTitleLabel.swift in Sources */ = {isa = PBXBuildFile; fileRef = 640B33342B19210000BECE0E /* FormFieldTitleLabel.swift */; };
		640B33382B19275100BECE0E /* String+Assets.swift in Sources */ = {isa = PBXBuildFile; fileRef = 640B33372B19275100BECE0E /* String+Assets.swift */; };
		640B333A2B19282200BECE0E /* BaseVC.swift in Sources */ = {isa = PBXBuildFile; fileRef = 640B33392B19282200BECE0E /* BaseVC.swift */; };
		640B333C2B19287F00BECE0E /* PhoneNumberField.swift in Sources */ = {isa = PBXBuildFile; fileRef = 640B333B2B19287F00BECE0E /* PhoneNumberField.swift */; };
		640B33412B192A9800BECE0E /* FormTextFieldView.swift in Sources */ = {isa = PBXBuildFile; fileRef = 640B33402B192A9800BECE0E /* FormTextFieldView.swift */; };
		640B33432B192B1200BECE0E /* FormFieldErrorLabel.swift in Sources */ = {isa = PBXBuildFile; fileRef = 640B33422B192B1200BECE0E /* FormFieldErrorLabel.swift */; };
		640B33452B192BA800BECE0E /* NSAttributedString+Extension.swift in Sources */ = {isa = PBXBuildFile; fileRef = 640B33442B192BA800BECE0E /* NSAttributedString+Extension.swift */; };
		640B33472B192D4000BECE0E /* FormFieldBaseLabel.swift in Sources */ = {isa = PBXBuildFile; fileRef = 640B33462B192D4000BECE0E /* FormFieldBaseLabel.swift */; };
		640B33492B193EC900BECE0E /* AppDelegateService.swift in Sources */ = {isa = PBXBuildFile; fileRef = 640B33482B193EC900BECE0E /* AppDelegateService.swift */; };
		640B334D2B193F0900BECE0E /* BaseService.swift in Sources */ = {isa = PBXBuildFile; fileRef = 640B334C2B193F0900BECE0E /* BaseService.swift */; };
		640B334F2B193F1F00BECE0E /* BasicServiceFeatures.swift in Sources */ = {isa = PBXBuildFile; fileRef = 640B334E2B193F1F00BECE0E /* BasicServiceFeatures.swift */; };
		640B33512B193F6F00BECE0E /* Publisher+Extension.swift in Sources */ = {isa = PBXBuildFile; fileRef = 640B33502B193F6F00BECE0E /* Publisher+Extension.swift */; };
		640B33562B19403000BECE0E /* GeneralError.swift in Sources */ = {isa = PBXBuildFile; fileRef = 640B33552B19403000BECE0E /* GeneralError.swift */; };
		640B33582B19422900BECE0E /* ScreenNavigationController.swift in Sources */ = {isa = PBXBuildFile; fileRef = 640B33572B19422900BECE0E /* ScreenNavigationController.swift */; };
		640B335B2B1944C600BECE0E /* StringAttributes+Assets.swift in Sources */ = {isa = PBXBuildFile; fileRef = 640B335A2B1944C600BECE0E /* StringAttributes+Assets.swift */; };
		640E76A32B1842C1001CE975 /* FormTextField.swift in Sources */ = {isa = PBXBuildFile; fileRef = 640E76A22B1842C1001CE975 /* FormTextField.swift */; };
		640E76A52B1842D5001CE975 /* UIFont+Assets.swift in Sources */ = {isa = PBXBuildFile; fileRef = 640E76A42B1842D5001CE975 /* UIFont+Assets.swift */; };
		640E76A92B18448E001CE975 /* AvenirArabic-Medium.otf in Resources */ = {isa = PBXBuildFile; fileRef = 640E76A82B18448E001CE975 /* AvenirArabic-Medium.otf */; };
		640E76AB2B1844F4001CE975 /* UIApplication+Extension.swift in Sources */ = {isa = PBXBuildFile; fileRef = 640E76AA2B1844F4001CE975 /* UIApplication+Extension.swift */; };
		640E76AD2B184505001CE975 /* UIViewController+Extension.swift in Sources */ = {isa = PBXBuildFile; fileRef = 640E76AC2B184505001CE975 /* UIViewController+Extension.swift */; };
		640E76AF2B184525001CE975 /* CGFloat+Extension.swift in Sources */ = {isa = PBXBuildFile; fileRef = 640E76AE2B184525001CE975 /* CGFloat+Extension.swift */; };
		640E76B42B1847FD001CE975 /* FormSubmitButton.swift in Sources */ = {isa = PBXBuildFile; fileRef = 640E76B32B1847FD001CE975 /* FormSubmitButton.swift */; };
		640E76B82B184A99001CE975 /* NSDirectionalEdgeInsets+Extension.swift in Sources */ = {isa = PBXBuildFile; fileRef = 640E76B72B184A99001CE975 /* NSDirectionalEdgeInsets+Extension.swift */; };
		640E76BA2B184AE1001CE975 /* String+Extension.swift in Sources */ = {isa = PBXBuildFile; fileRef = 640E76B92B184AE1001CE975 /* String+Extension.swift */; };
		640E76BC2B184B46001CE975 /* UIButton+Extension.swift in Sources */ = {isa = PBXBuildFile; fileRef = 640E76BB2B184B46001CE975 /* UIButton+Extension.swift */; };
		640E76BE2B184C4B001CE975 /* AvenirArabic-Heavy.otf in Resources */ = {isa = PBXBuildFile; fileRef = 640E76BD2B184C4B001CE975 /* AvenirArabic-Heavy.otf */; };
		640E76C02B184D5A001CE975 /* UIImage+Assets.swift in Sources */ = {isa = PBXBuildFile; fileRef = 640E76BF2B184D5A001CE975 /* UIImage+Assets.swift */; };
		640E76C32B184E1E001CE975 /* UIImage+Extension.swift in Sources */ = {isa = PBXBuildFile; fileRef = 640E76C22B184E1E001CE975 /* UIImage+Extension.swift */; };
		6426A5592B64C4E500B46C0A /* VerifyCodeScreenVM.swift in Sources */ = {isa = PBXBuildFile; fileRef = 6426A5582B64C4E500B46C0A /* VerifyCodeScreenVM.swift */; };
		6426A55B2B64C50600B46C0A /* VerifyCodeScreenService.swift in Sources */ = {isa = PBXBuildFile; fileRef = 6426A55A2B64C50600B46C0A /* VerifyCodeScreenService.swift */; };
		642727552B1A045500A69C7E /* CGFloat+Assets.swift in Sources */ = {isa = PBXBuildFile; fileRef = 642727542B1A045500A69C7E /* CGFloat+Assets.swift */; };
		642727592B1A21A200A69C7E /* BaseScrollableFormScreen.swift in Sources */ = {isa = PBXBuildFile; fileRef = 642727582B1A21A200A69C7E /* BaseScrollableFormScreen.swift */; };
		6427275B2B1A21C200A69C7E /* BaseScrollableScreen.swift in Sources */ = {isa = PBXBuildFile; fileRef = 6427275A2B1A21C200A69C7E /* BaseScrollableScreen.swift */; };
		6427275E2B1A22C500A69C7E /* KeyboardObserver.swift in Sources */ = {isa = PBXBuildFile; fileRef = 6427275D2B1A22C500A69C7E /* KeyboardObserver.swift */; };
		642727602B1A46AA00A69C7E /* PhoneNumberFieldView.swift in Sources */ = {isa = PBXBuildFile; fileRef = 6427275F2B1A46AA00A69C7E /* PhoneNumberFieldView.swift */; };
		642727622B1C941700A69C7E /* SplashScreenVM.swift in Sources */ = {isa = PBXBuildFile; fileRef = 642727612B1C941700A69C7E /* SplashScreenVM.swift */; };
		642727662B1C945D00A69C7E /* BaseScreenVM.swift in Sources */ = {isa = PBXBuildFile; fileRef = 642727652B1C945D00A69C7E /* BaseScreenVM.swift */; };
		642727682B1C947800A69C7E /* BaseVM.swift in Sources */ = {isa = PBXBuildFile; fileRef = 642727672B1C947800A69C7E /* BaseVM.swift */; };
		6427276C2B1C94C400A69C7E /* PublishedWrappers.swift in Sources */ = {isa = PBXBuildFile; fileRef = 6427276B2B1C94C400A69C7E /* PublishedWrappers.swift */; };
		6427276E2B1C94EE00A69C7E /* SplashScreenService.swift in Sources */ = {isa = PBXBuildFile; fileRef = 6427276D2B1C94EE00A69C7E /* SplashScreenService.swift */; };
		642727712B1C952300A69C7E /* BaseScreenService.swift in Sources */ = {isa = PBXBuildFile; fileRef = 642727702B1C952300A69C7E /* BaseScreenService.swift */; };
		642727732B1C953500A69C7E /* BaseNetworkService.swift in Sources */ = {isa = PBXBuildFile; fileRef = 642727722B1C953500A69C7E /* BaseNetworkService.swift */; };
		642727752B1C956600A69C7E /* NetworkServiceFeatures.swift in Sources */ = {isa = PBXBuildFile; fileRef = 642727742B1C956600A69C7E /* NetworkServiceFeatures.swift */; };
		642727792B1C95A500A69C7E /* AuthService.swift in Sources */ = {isa = PBXBuildFile; fileRef = 642727782B1C95A500A69C7E /* AuthService.swift */; };
		6427277B2B1C9C1100A69C7E /* AuthAccessibleService.swift in Sources */ = {isa = PBXBuildFile; fileRef = 6427277A2B1C9C1100A69C7E /* AuthAccessibleService.swift */; };
		6427277D2B1C9CC600A69C7E /* UserSessionService.swift in Sources */ = {isa = PBXBuildFile; fileRef = 6427277C2B1C9CC600A69C7E /* UserSessionService.swift */; };
		642727802B1C9D1000A69C7E /* UserSessionRepository.swift in Sources */ = {isa = PBXBuildFile; fileRef = 6427277F2B1C9D1000A69C7E /* UserSessionRepository.swift */; };
		642727832B1C9D3900A69C7E /* UserSession.swift in Sources */ = {isa = PBXBuildFile; fileRef = 642727822B1C9D3900A69C7E /* UserSession.swift */; };
		642727852B1C9E3800A69C7E /* UserSessionPublishedWrappers.swift in Sources */ = {isa = PBXBuildFile; fileRef = 642727842B1C9E3800A69C7E /* UserSessionPublishedWrappers.swift */; };
		6427278C2B1CA13B00A69C7E /* UserProfileVM.swift in Sources */ = {isa = PBXBuildFile; fileRef = 6427278B2B1CA13B00A69C7E /* UserProfileVM.swift */; };
		6427278E2B1CA1DB00A69C7E /* UserProfileModel.swift in Sources */ = {isa = PBXBuildFile; fileRef = 6427278D2B1CA1DB00A69C7E /* UserProfileModel.swift */; };
		642727902B1CA37200A69C7E /* UserService.swift in Sources */ = {isa = PBXBuildFile; fileRef = 6427278F2B1CA37200A69C7E /* UserService.swift */; };
		642727922B1CA69C00A69C7E /* UserLocalDataRepository.swift in Sources */ = {isa = PBXBuildFile; fileRef = 642727912B1CA69C00A69C7E /* UserLocalDataRepository.swift */; };
		642727942B1CA6A500A69C7E /* UserRemoteDataRepository.swift in Sources */ = {isa = PBXBuildFile; fileRef = 642727932B1CA6A500A69C7E /* UserRemoteDataRepository.swift */; };
		642727962B1CA70800A69C7E /* ServerRemoteRepository.swift in Sources */ = {isa = PBXBuildFile; fileRef = 642727952B1CA70800A69C7E /* ServerRemoteRepository.swift */; };
		642727992B1CA73800A69C7E /* AlhafezAlmtmaezServerProxy.swift in Sources */ = {isa = PBXBuildFile; fileRef = 642727982B1CA73800A69C7E /* AlhafezAlmtmaezServerProxy.swift */; };
		6427279B2B1CA76400A69C7E /* NetworkServer.swift in Sources */ = {isa = PBXBuildFile; fileRef = 6427279A2B1CA76400A69C7E /* NetworkServer.swift */; };
		6427279F2B1CA81700A69C7E /* NetworkRequestConfigurable.swift in Sources */ = {isa = PBXBuildFile; fileRef = 6427279E2B1CA81700A69C7E /* NetworkRequestConfigurable.swift */; };
		642727A12B1CA83500A69C7E /* HttpMethods.swift in Sources */ = {isa = PBXBuildFile; fileRef = 642727A02B1CA83500A69C7E /* HttpMethods.swift */; };
		642727A32B1CA89C00A69C7E /* HttpUrls.swift in Sources */ = {isa = PBXBuildFile; fileRef = 642727A22B1CA89C00A69C7E /* HttpUrls.swift */; };
		642727A72B1CA9B900A69C7E /* AlhafezAlmtmaezServer.swift in Sources */ = {isa = PBXBuildFile; fileRef = 642727A62B1CA9B900A69C7E /* AlhafezAlmtmaezServer.swift */; };
		642727AA2B1CA9DB00A69C7E /* Alamofire in Frameworks */ = {isa = PBXBuildFile; productRef = 642727A92B1CA9DB00A69C7E /* Alamofire */; };
		642727AD2B1CAA0F00A69C7E /* Toast in Frameworks */ = {isa = PBXBuildFile; productRef = 642727AC2B1CAA0F00A69C7E /* Toast */; };
		642727B02B1CAB8500A69C7E /* ServerError.swift in Sources */ = {isa = PBXBuildFile; fileRef = 642727AF2B1CAB8500A69C7E /* ServerError.swift */; };
		642727B42B1D57FF00A69C7E /* InMemoryCacheStorage.swift in Sources */ = {isa = PBXBuildFile; fileRef = 642727B32B1D57FF00A69C7E /* InMemoryCacheStorage.swift */; };
		642727B62B1D590700A69C7E /* KeychainStorage.swift in Sources */ = {isa = PBXBuildFile; fileRef = 642727B52B1D590700A69C7E /* KeychainStorage.swift */; };
		642727B82B1D5A3C00A69C7E /* UserDefaultsService.swift in Sources */ = {isa = PBXBuildFile; fileRef = 642727B72B1D5A3C00A69C7E /* UserDefaultsService.swift */; };
		642727BD2B1D5F3B00A69C7E /* NetworkEndpoint.swift in Sources */ = {isa = PBXBuildFile; fileRef = 642727BC2B1D5F3B00A69C7E /* NetworkEndpoint.swift */; };
		642727BF2B1D5FA000A69C7E /* UserProfileEndpoint.swift in Sources */ = {isa = PBXBuildFile; fileRef = 642727BE2B1D5FA000A69C7E /* UserProfileEndpoint.swift */; };
		6428D2052B5DF4EE00F6C79D /* BaseFormScreenVM.swift in Sources */ = {isa = PBXBuildFile; fileRef = 6428D2042B5DF4EE00F6C79D /* BaseFormScreenVM.swift */; };
		6428DC4D2BA3422100B54E35 /* MainTabBarController.swift in Sources */ = {isa = PBXBuildFile; fileRef = 6428DC4C2BA3422100B54E35 /* MainTabBarController.swift */; };
		6428DC4F2BA3426900B54E35 /* Logger.swift in Sources */ = {isa = PBXBuildFile; fileRef = 6428DC4E2BA3426900B54E35 /* Logger.swift */; };
		6428DC582BA3475600B54E35 /* HomeScreen.xib in Resources */ = {isa = PBXBuildFile; fileRef = 6428DC562BA3475600B54E35 /* HomeScreen.xib */; };
		6428DC592BA3475600B54E35 /* HomeScreen.swift in Sources */ = {isa = PBXBuildFile; fileRef = 6428DC572BA3475600B54E35 /* HomeScreen.swift */; };
		6428DC5D2BA3477C00B54E35 /* HerosScreen.swift in Sources */ = {isa = PBXBuildFile; fileRef = 6428DC5B2BA3477C00B54E35 /* HerosScreen.swift */; };
		6428DC5E2BA3477C00B54E35 /* HerosScreen.xib in Resources */ = {isa = PBXBuildFile; fileRef = 6428DC5C2BA3477C00B54E35 /* HerosScreen.xib */; };
		6428DC622BA347BE00B54E35 /* MyAccountScreen.swift in Sources */ = {isa = PBXBuildFile; fileRef = 6428DC602BA347BE00B54E35 /* MyAccountScreen.swift */; };
		6428DC632BA347BE00B54E35 /* MyAccountScreen.xib in Resources */ = {isa = PBXBuildFile; fileRef = 6428DC612BA347BE00B54E35 /* MyAccountScreen.xib */; };
		6428DC672BA347E500B54E35 /* QuranScreen.swift in Sources */ = {isa = PBXBuildFile; fileRef = 6428DC652BA347E500B54E35 /* QuranScreen.swift */; };
		6428DC682BA347E500B54E35 /* QuranScreen.xib in Resources */ = {isa = PBXBuildFile; fileRef = 6428DC662BA347E500B54E35 /* QuranScreen.xib */; };
		6428DC6A2BA354F700B54E35 /* ProfileImageView.swift in Sources */ = {isa = PBXBuildFile; fileRef = 6428DC692BA354F700B54E35 /* ProfileImageView.swift */; };
		6428DC6D2BA355D300B54E35 /* EditProfileImageButton.swift in Sources */ = {isa = PBXBuildFile; fileRef = 6428DC6C2BA355D300B54E35 /* EditProfileImageButton.swift */; };
		6428DC6F2BA3641B00B54E35 /* MyAccountScreenVM.swift in Sources */ = {isa = PBXBuildFile; fileRef = 6428DC6E2BA3641B00B54E35 /* MyAccountScreenVM.swift */; };
		6428DC712BA37B7600B54E35 /* MyAccountScreenService.swift in Sources */ = {isa = PBXBuildFile; fileRef = 6428DC702BA37B7600B54E35 /* MyAccountScreenService.swift */; };
		642CBF002B20AF3A007B3FFA /* VerifyCodeScreen.swift in Sources */ = {isa = PBXBuildFile; fileRef = 642CBEFE2B20AF3A007B3FFA /* VerifyCodeScreen.swift */; };
		642CBF012B20AF3A007B3FFA /* VerifyCodeScreen.xib in Resources */ = {isa = PBXBuildFile; fileRef = 642CBEFF2B20AF3A007B3FFA /* VerifyCodeScreen.xib */; };
		642CBF032B20B4D0007B3FFA /* UnderlinedButton.swift in Sources */ = {isa = PBXBuildFile; fileRef = 642CBF022B20B4D0007B3FFA /* UnderlinedButton.swift */; };
		642CBF052B20BA10007B3FFA /* FormOTPStackView.swift in Sources */ = {isa = PBXBuildFile; fileRef = 642CBF042B20BA10007B3FFA /* FormOTPStackView.swift */; };
		642CBF072B20BA53007B3FFA /* FormOTPField.swift in Sources */ = {isa = PBXBuildFile; fileRef = 642CBF062B20BA53007B3FFA /* FormOTPField.swift */; };
		642CBF0A2B231351007B3FFA /* OTPValidityManager.swift in Sources */ = {isa = PBXBuildFile; fileRef = 642CBF092B231351007B3FFA /* OTPValidityManager.swift */; };
		642CBF0C2B234B6E007B3FFA /* OTPFieldView.swift in Sources */ = {isa = PBXBuildFile; fileRef = 642CBF0B2B234B6E007B3FFA /* OTPFieldView.swift */; };
		642CBF0E2B2382F1007B3FFA /* FormFieldView.swift in Sources */ = {isa = PBXBuildFile; fileRef = 642CBF0D2B2382F1007B3FFA /* FormFieldView.swift */; };
		644BC9EE2BD058C70010E87F /* SignOutEndpoint.swift in Sources */ = {isa = PBXBuildFile; fileRef = 644BC9ED2BD058C70010E87F /* SignOutEndpoint.swift */; };
		644BC9F02BD07C580010E87F /* UITableView+Extension.swift in Sources */ = {isa = PBXBuildFile; fileRef = 644BC9EF2BD07C580010E87F /* UITableView+Extension.swift */; };
		644BC9F52BD07CE00010E87F /* EvaluationsTableHeaderCell.swift in Sources */ = {isa = PBXBuildFile; fileRef = 644BC9F32BD07CDF0010E87F /* EvaluationsTableHeaderCell.swift */; };
		644BC9F62BD07CE00010E87F /* EvaluationsTableHeaderCell.xib in Resources */ = {isa = PBXBuildFile; fileRef = 644BC9F42BD07CDF0010E87F /* EvaluationsTableHeaderCell.xib */; };
		644BC9F92BD07E0A0010E87F /* EvaluationTableCell.swift in Sources */ = {isa = PBXBuildFile; fileRef = 644BC9F72BD07E0A0010E87F /* EvaluationTableCell.swift */; };
		644BC9FA2BD07E0A0010E87F /* EvaluationTableCell.xib in Resources */ = {isa = PBXBuildFile; fileRef = 644BC9F82BD07E0A0010E87F /* EvaluationTableCell.xib */; };
		644BC9FC2BD07FC80010E87F /* EvaluationVM.swift in Sources */ = {isa = PBXBuildFile; fileRef = 644BC9FB2BD07FC80010E87F /* EvaluationVM.swift */; };
		644BC9FE2BD0800F0010E87F /* HomeScreenVM.swift in Sources */ = {isa = PBXBuildFile; fileRef = 644BC9FD2BD0800F0010E87F /* HomeScreenVM.swift */; };
		644BCA002BD080220010E87F /* HomeScreenService.swift in Sources */ = {isa = PBXBuildFile; fileRef = 644BC9FF2BD080220010E87F /* HomeScreenService.swift */; };
		644BCA022BD084270010E87F /* EvaluationsEndpoint.swift in Sources */ = {isa = PBXBuildFile; fileRef = 644BCA012BD084270010E87F /* EvaluationsEndpoint.swift */; };
		644BCA042BD084C50010E87F /* EvaluationModel.swift in Sources */ = {isa = PBXBuildFile; fileRef = 644BCA032BD084C50010E87F /* EvaluationModel.swift */; };
		644BCA062BD09F8D0010E87F /* EvaluationsDataModel.swift in Sources */ = {isa = PBXBuildFile; fileRef = 644BCA052BD09F8D0010E87F /* EvaluationsDataModel.swift */; };
		645B959A2B115F1A00142284 /* UIViewNibbable.swift in Sources */ = {isa = PBXBuildFile; fileRef = 645B95992B115F1A00142284 /* UIViewNibbable.swift */; };
		645B959C2B115FBD00142284 /* AnyObjectIdentifiable.swift in Sources */ = {isa = PBXBuildFile; fileRef = 645B959B2B115FBD00142284 /* AnyObjectIdentifiable.swift */; };
		6465186F2B6217DF00CEEF9E /* NetworkResponseModel.swift in Sources */ = {isa = PBXBuildFile; fileRef = 6465186E2B6217DF00CEEF9E /* NetworkResponseModel.swift */; };
		646518712B62181600CEEF9E /* NoDataNetworkResponseModel.swift in Sources */ = {isa = PBXBuildFile; fileRef = 646518702B62181600CEEF9E /* NoDataNetworkResponseModel.swift */; };
		646518732B6234DB00CEEF9E /* ApplicationError.swift in Sources */ = {isa = PBXBuildFile; fileRef = 646518722B6234DB00CEEF9E /* ApplicationError.swift */; };
		646D22752B64CCB500877543 /* VerifyCodeEndpoint.swift in Sources */ = {isa = PBXBuildFile; fileRef = 646D22742B64CCB500877543 /* VerifyCodeEndpoint.swift */; };
		646D22772B64D10E00877543 /* VerifyCodeEndpoint+Dto.swift in Sources */ = {isa = PBXBuildFile; fileRef = 646D22762B64D10E00877543 /* VerifyCodeEndpoint+Dto.swift */; };
		646D22792B64D81000877543 /* UserCredentialsModel.swift in Sources */ = {isa = PBXBuildFile; fileRef = 646D22782B64D81000877543 /* UserCredentialsModel.swift */; };
		646D227B2B64DF8B00877543 /* CachePublishedWrappers.swift in Sources */ = {isa = PBXBuildFile; fileRef = 646D227A2B64DF8B00877543 /* CachePublishedWrappers.swift */; };
		64751F292B02B4C40013EB9E /* SignInScreen.swift in Sources */ = {isa = PBXBuildFile; fileRef = 64751F272B02B4C40013EB9E /* SignInScreen.swift */; };
		64751F2D2B02B4D80013EB9E /* BaseScreen.swift in Sources */ = {isa = PBXBuildFile; fileRef = 64751F2C2B02B4D80013EB9E /* BaseScreen.swift */; };
		64751F332B02B6C50013EB9E /* SignInScreen.xib in Resources */ = {isa = PBXBuildFile; fileRef = 64751F322B02B6C50013EB9E /* SignInScreen.xib */; };
		64751F352B02BA1B0013EB9E /* UIView+Extension.swift in Sources */ = {isa = PBXBuildFile; fileRef = 64751F342B02BA1B0013EB9E /* UIView+Extension.swift */; };
		64751F3B2B02BA490013EB9E /* StringIdentifiable.swift in Sources */ = {isa = PBXBuildFile; fileRef = 64751F392B02BA490013EB9E /* StringIdentifiable.swift */; };
		64780B312B63544800C92261 /* ErrorDetails.swift in Sources */ = {isa = PBXBuildFile; fileRef = 64780B302B63544800C92261 /* ErrorDetails.swift */; };
		64780B332B63572A00C92261 /* BaseFormVM.swift in Sources */ = {isa = PBXBuildFile; fileRef = 64780B322B63572A00C92261 /* BaseFormVM.swift */; };
		64C1821D2B1F114200AE05A7 /* NetworkResponse.swift in Sources */ = {isa = PBXBuildFile; fileRef = 64C1821C2B1F114200AE05A7 /* NetworkResponse.swift */; };
		64C182212B1F12D900AE05A7 /* UserDefaultsError.swift in Sources */ = {isa = PBXBuildFile; fileRef = 64C182202B1F12D900AE05A7 /* UserDefaultsError.swift */; };
		64C182232B1F134A00AE05A7 /* KeychainError.swift in Sources */ = {isa = PBXBuildFile; fileRef = 64C182222B1F134A00AE05A7 /* KeychainError.swift */; };
		64C182252B1F1EEA00AE05A7 /* KeychainStorageP.swift in Sources */ = {isa = PBXBuildFile; fileRef = 64C182242B1F1EEA00AE05A7 /* KeychainStorageP.swift */; };
		64C182272B1F1FE300AE05A7 /* HttpStatusCodes.swift in Sources */ = {isa = PBXBuildFile; fileRef = 64C182262B1F1FE300AE05A7 /* HttpStatusCodes.swift */; };
		64C182292B1F1FFF00AE05A7 /* HttpHeaders.swift in Sources */ = {isa = PBXBuildFile; fileRef = 64C182282B1F1FFF00AE05A7 /* HttpHeaders.swift */; };
		64C1822B2B1F201800AE05A7 /* HttpBodies.swift in Sources */ = {isa = PBXBuildFile; fileRef = 64C1822A2B1F201800AE05A7 /* HttpBodies.swift */; };
		64C1822D2B1F203300AE05A7 /* HttpParams.swift in Sources */ = {isa = PBXBuildFile; fileRef = 64C1822C2B1F203300AE05A7 /* HttpParams.swift */; };
		64C1822F2B1F20EF00AE05A7 /* StorageKey.swift in Sources */ = {isa = PBXBuildFile; fileRef = 64C1822E2B1F20EF00AE05A7 /* StorageKey.swift */; };
		64CAEA132B2AFC1E007929B7 /* AuthDataRepository.swift in Sources */ = {isa = PBXBuildFile; fileRef = 64CAEA122B2AFC1E007929B7 /* AuthDataRepository.swift */; };
		64CAEA152B2AFC84007929B7 /* ToastManager.swift in Sources */ = {isa = PBXBuildFile; fileRef = 64CAEA142B2AFC84007929B7 /* ToastManager.swift */; };
		64CAEA172B2AFCB2007929B7 /* SpinnerManager.swift in Sources */ = {isa = PBXBuildFile; fileRef = 64CAEA162B2AFCB2007929B7 /* SpinnerManager.swift */; };
		64CAEA192B2AFCCA007929B7 /* UIAlertManager.swift in Sources */ = {isa = PBXBuildFile; fileRef = 64CAEA182B2AFCCA007929B7 /* UIAlertManager.swift */; };
		64CAEA1B2B2AFFCE007929B7 /* ViewControllerNavigating.swift in Sources */ = {isa = PBXBuildFile; fileRef = 64CAEA1A2B2AFFCE007929B7 /* ViewControllerNavigating.swift */; };
		64EFAE392AFEA88200C34799 /* AppDelegate.swift in Sources */ = {isa = PBXBuildFile; fileRef = 64EFAE382AFEA88200C34799 /* AppDelegate.swift */; };
		64EFAE3B2AFEA88200C34799 /* SceneDelegate.swift in Sources */ = {isa = PBXBuildFile; fileRef = 64EFAE3A2AFEA88200C34799 /* SceneDelegate.swift */; };
		64EFAE402AFEA88200C34799 /* Main.storyboard in Resources */ = {isa = PBXBuildFile; fileRef = 64EFAE3E2AFEA88200C34799 /* Main.storyboard */; };
		64EFAE422AFEA88400C34799 /* Assets.xcassets in Resources */ = {isa = PBXBuildFile; fileRef = 64EFAE412AFEA88400C34799 /* Assets.xcassets */; };
		64EFAE452AFEA88400C34799 /* LaunchScreen.storyboard in Resources */ = {isa = PBXBuildFile; fileRef = 64EFAE432AFEA88400C34799 /* LaunchScreen.storyboard */; };
		64EFAE4E2AFEAA9200C34799 /* Localizable.xcstrings in Resources */ = {isa = PBXBuildFile; fileRef = 64EFAE4D2AFEAA9200C34799 /* Localizable.xcstrings */; };
		64EFAE592AFEAB2A00C34799 /* SplashScreen.swift in Sources */ = {isa = PBXBuildFile; fileRef = 64EFAE572AFEAB2A00C34799 /* SplashScreen.swift */; };
		64EFAE5A2AFEAB2A00C34799 /* SplashScreen.xib in Resources */ = {isa = PBXBuildFile; fileRef = 64EFAE582AFEAB2A00C34799 /* SplashScreen.xib */; };
/* End PBXBuildFile section */

/* Begin PBXFileReference section */
		640AE83C2B2669D70045F1B9 /* SignInScreenVM.swift */ = {isa = PBXFileReference; lastKnownFileType = sourcecode.swift; path = SignInScreenVM.swift; sourceTree = "<group>"; };
		640AE83E2B266A1E0045F1B9 /* SignInScreenService.swift */ = {isa = PBXFileReference; lastKnownFileType = sourcecode.swift; path = SignInScreenService.swift; sourceTree = "<group>"; };
		640AE8402B266B2F0045F1B9 /* RequestVerificationCodeEndpoint.swift */ = {isa = PBXFileReference; lastKnownFileType = sourcecode.swift; path = RequestVerificationCodeEndpoint.swift; sourceTree = "<group>"; };
		640AE8422B266C460045F1B9 /* TokenAndPhoneModel.swift */ = {isa = PBXFileReference; lastKnownFileType = sourcecode.swift; path = TokenAndPhoneModel.swift; sourceTree = "<group>"; };
		640AE8442B266C6D0045F1B9 /* TokenAndPhoneVM.swift */ = {isa = PBXFileReference; lastKnownFileType = sourcecode.swift; path = TokenAndPhoneVM.swift; sourceTree = "<group>"; };
		640B33342B19210000BECE0E /* FormFieldTitleLabel.swift */ = {isa = PBXFileReference; lastKnownFileType = sourcecode.swift; path = FormFieldTitleLabel.swift; sourceTree = "<group>"; };
		640B33372B19275100BECE0E /* String+Assets.swift */ = {isa = PBXFileReference; lastKnownFileType = sourcecode.swift; path = "String+Assets.swift"; sourceTree = "<group>"; };
		640B33392B19282200BECE0E /* BaseVC.swift */ = {isa = PBXFileReference; lastKnownFileType = sourcecode.swift; path = BaseVC.swift; sourceTree = "<group>"; };
		640B333B2B19287F00BECE0E /* PhoneNumberField.swift */ = {isa = PBXFileReference; lastKnownFileType = sourcecode.swift; path = PhoneNumberField.swift; sourceTree = "<group>"; };
		640B33402B192A9800BECE0E /* FormTextFieldView.swift */ = {isa = PBXFileReference; lastKnownFileType = sourcecode.swift; path = FormTextFieldView.swift; sourceTree = "<group>"; };
		640B33422B192B1200BECE0E /* FormFieldErrorLabel.swift */ = {isa = PBXFileReference; lastKnownFileType = sourcecode.swift; path = FormFieldErrorLabel.swift; sourceTree = "<group>"; };
		640B33442B192BA800BECE0E /* NSAttributedString+Extension.swift */ = {isa = PBXFileReference; lastKnownFileType = sourcecode.swift; path = "NSAttributedString+Extension.swift"; sourceTree = "<group>"; };
		640B33462B192D4000BECE0E /* FormFieldBaseLabel.swift */ = {isa = PBXFileReference; lastKnownFileType = sourcecode.swift; path = FormFieldBaseLabel.swift; sourceTree = "<group>"; };
		640B33482B193EC900BECE0E /* AppDelegateService.swift */ = {isa = PBXFileReference; lastKnownFileType = sourcecode.swift; path = AppDelegateService.swift; sourceTree = "<group>"; };
		640B334C2B193F0900BECE0E /* BaseService.swift */ = {isa = PBXFileReference; lastKnownFileType = sourcecode.swift; path = BaseService.swift; sourceTree = "<group>"; };
		640B334E2B193F1F00BECE0E /* BasicServiceFeatures.swift */ = {isa = PBXFileReference; lastKnownFileType = sourcecode.swift; path = BasicServiceFeatures.swift; sourceTree = "<group>"; };
		640B33502B193F6F00BECE0E /* Publisher+Extension.swift */ = {isa = PBXFileReference; lastKnownFileType = sourcecode.swift; path = "Publisher+Extension.swift"; sourceTree = "<group>"; };
		640B33552B19403000BECE0E /* GeneralError.swift */ = {isa = PBXFileReference; lastKnownFileType = sourcecode.swift; path = GeneralError.swift; sourceTree = "<group>"; };
		640B33572B19422900BECE0E /* ScreenNavigationController.swift */ = {isa = PBXFileReference; lastKnownFileType = sourcecode.swift; path = ScreenNavigationController.swift; sourceTree = "<group>"; };
		640B335A2B1944C600BECE0E /* StringAttributes+Assets.swift */ = {isa = PBXFileReference; lastKnownFileType = sourcecode.swift; path = "StringAttributes+Assets.swift"; sourceTree = "<group>"; };
		640E76A22B1842C1001CE975 /* FormTextField.swift */ = {isa = PBXFileReference; lastKnownFileType = sourcecode.swift; path = FormTextField.swift; sourceTree = "<group>"; };
		640E76A42B1842D5001CE975 /* UIFont+Assets.swift */ = {isa = PBXFileReference; lastKnownFileType = sourcecode.swift; path = "UIFont+Assets.swift"; sourceTree = "<group>"; };
		640E76A82B18448E001CE975 /* AvenirArabic-Medium.otf */ = {isa = PBXFileReference; lastKnownFileType = file; path = "AvenirArabic-Medium.otf"; sourceTree = "<group>"; };
		640E76AA2B1844F4001CE975 /* UIApplication+Extension.swift */ = {isa = PBXFileReference; lastKnownFileType = sourcecode.swift; path = "UIApplication+Extension.swift"; sourceTree = "<group>"; };
		640E76AC2B184505001CE975 /* UIViewController+Extension.swift */ = {isa = PBXFileReference; lastKnownFileType = sourcecode.swift; path = "UIViewController+Extension.swift"; sourceTree = "<group>"; };
		640E76AE2B184525001CE975 /* CGFloat+Extension.swift */ = {isa = PBXFileReference; lastKnownFileType = sourcecode.swift; path = "CGFloat+Extension.swift"; sourceTree = "<group>"; };
		640E76B32B1847FD001CE975 /* FormSubmitButton.swift */ = {isa = PBXFileReference; lastKnownFileType = sourcecode.swift; path = FormSubmitButton.swift; sourceTree = "<group>"; };
		640E76B72B184A99001CE975 /* NSDirectionalEdgeInsets+Extension.swift */ = {isa = PBXFileReference; lastKnownFileType = sourcecode.swift; path = "NSDirectionalEdgeInsets+Extension.swift"; sourceTree = "<group>"; };
		640E76B92B184AE1001CE975 /* String+Extension.swift */ = {isa = PBXFileReference; lastKnownFileType = sourcecode.swift; path = "String+Extension.swift"; sourceTree = "<group>"; };
		640E76BB2B184B46001CE975 /* UIButton+Extension.swift */ = {isa = PBXFileReference; lastKnownFileType = sourcecode.swift; path = "UIButton+Extension.swift"; sourceTree = "<group>"; };
		640E76BD2B184C4B001CE975 /* AvenirArabic-Heavy.otf */ = {isa = PBXFileReference; lastKnownFileType = file; path = "AvenirArabic-Heavy.otf"; sourceTree = "<group>"; };
		640E76BF2B184D5A001CE975 /* UIImage+Assets.swift */ = {isa = PBXFileReference; lastKnownFileType = sourcecode.swift; path = "UIImage+Assets.swift"; sourceTree = "<group>"; };
		640E76C22B184E1E001CE975 /* UIImage+Extension.swift */ = {isa = PBXFileReference; lastKnownFileType = sourcecode.swift; path = "UIImage+Extension.swift"; sourceTree = "<group>"; };
		6426A5582B64C4E500B46C0A /* VerifyCodeScreenVM.swift */ = {isa = PBXFileReference; lastKnownFileType = sourcecode.swift; path = VerifyCodeScreenVM.swift; sourceTree = "<group>"; };
		6426A55A2B64C50600B46C0A /* VerifyCodeScreenService.swift */ = {isa = PBXFileReference; lastKnownFileType = sourcecode.swift; path = VerifyCodeScreenService.swift; sourceTree = "<group>"; };
		642727542B1A045500A69C7E /* CGFloat+Assets.swift */ = {isa = PBXFileReference; lastKnownFileType = sourcecode.swift; path = "CGFloat+Assets.swift"; sourceTree = "<group>"; };
		642727582B1A21A200A69C7E /* BaseScrollableFormScreen.swift */ = {isa = PBXFileReference; lastKnownFileType = sourcecode.swift; path = BaseScrollableFormScreen.swift; sourceTree = "<group>"; };
		6427275A2B1A21C200A69C7E /* BaseScrollableScreen.swift */ = {isa = PBXFileReference; lastKnownFileType = sourcecode.swift; path = BaseScrollableScreen.swift; sourceTree = "<group>"; };
		6427275D2B1A22C500A69C7E /* KeyboardObserver.swift */ = {isa = PBXFileReference; lastKnownFileType = sourcecode.swift; path = KeyboardObserver.swift; sourceTree = "<group>"; };
		6427275F2B1A46AA00A69C7E /* PhoneNumberFieldView.swift */ = {isa = PBXFileReference; lastKnownFileType = sourcecode.swift; path = PhoneNumberFieldView.swift; sourceTree = "<group>"; };
		642727612B1C941700A69C7E /* SplashScreenVM.swift */ = {isa = PBXFileReference; lastKnownFileType = sourcecode.swift; path = SplashScreenVM.swift; sourceTree = "<group>"; };
		642727652B1C945D00A69C7E /* BaseScreenVM.swift */ = {isa = PBXFileReference; lastKnownFileType = sourcecode.swift; path = BaseScreenVM.swift; sourceTree = "<group>"; };
		642727672B1C947800A69C7E /* BaseVM.swift */ = {isa = PBXFileReference; lastKnownFileType = sourcecode.swift; path = BaseVM.swift; sourceTree = "<group>"; };
		6427276B2B1C94C400A69C7E /* PublishedWrappers.swift */ = {isa = PBXFileReference; lastKnownFileType = sourcecode.swift; path = PublishedWrappers.swift; sourceTree = "<group>"; };
		6427276D2B1C94EE00A69C7E /* SplashScreenService.swift */ = {isa = PBXFileReference; lastKnownFileType = sourcecode.swift; path = SplashScreenService.swift; sourceTree = "<group>"; };
		642727702B1C952300A69C7E /* BaseScreenService.swift */ = {isa = PBXFileReference; lastKnownFileType = sourcecode.swift; path = BaseScreenService.swift; sourceTree = "<group>"; };
		642727722B1C953500A69C7E /* BaseNetworkService.swift */ = {isa = PBXFileReference; lastKnownFileType = sourcecode.swift; path = BaseNetworkService.swift; sourceTree = "<group>"; };
		642727742B1C956600A69C7E /* NetworkServiceFeatures.swift */ = {isa = PBXFileReference; lastKnownFileType = sourcecode.swift; path = NetworkServiceFeatures.swift; sourceTree = "<group>"; };
		642727782B1C95A500A69C7E /* AuthService.swift */ = {isa = PBXFileReference; lastKnownFileType = sourcecode.swift; path = AuthService.swift; sourceTree = "<group>"; };
		6427277A2B1C9C1100A69C7E /* AuthAccessibleService.swift */ = {isa = PBXFileReference; lastKnownFileType = sourcecode.swift; path = AuthAccessibleService.swift; sourceTree = "<group>"; };
		6427277C2B1C9CC600A69C7E /* UserSessionService.swift */ = {isa = PBXFileReference; lastKnownFileType = sourcecode.swift; path = UserSessionService.swift; sourceTree = "<group>"; };
		6427277F2B1C9D1000A69C7E /* UserSessionRepository.swift */ = {isa = PBXFileReference; lastKnownFileType = sourcecode.swift; path = UserSessionRepository.swift; sourceTree = "<group>"; };
		642727822B1C9D3900A69C7E /* UserSession.swift */ = {isa = PBXFileReference; lastKnownFileType = sourcecode.swift; path = UserSession.swift; sourceTree = "<group>"; };
		642727842B1C9E3800A69C7E /* UserSessionPublishedWrappers.swift */ = {isa = PBXFileReference; lastKnownFileType = sourcecode.swift; path = UserSessionPublishedWrappers.swift; sourceTree = "<group>"; };
		6427278B2B1CA13B00A69C7E /* UserProfileVM.swift */ = {isa = PBXFileReference; lastKnownFileType = sourcecode.swift; path = UserProfileVM.swift; sourceTree = "<group>"; };
		6427278D2B1CA1DB00A69C7E /* UserProfileModel.swift */ = {isa = PBXFileReference; lastKnownFileType = sourcecode.swift; path = UserProfileModel.swift; sourceTree = "<group>"; };
		6427278F2B1CA37200A69C7E /* UserService.swift */ = {isa = PBXFileReference; lastKnownFileType = sourcecode.swift; path = UserService.swift; sourceTree = "<group>"; };
		642727912B1CA69C00A69C7E /* UserLocalDataRepository.swift */ = {isa = PBXFileReference; lastKnownFileType = sourcecode.swift; path = UserLocalDataRepository.swift; sourceTree = "<group>"; };
		642727932B1CA6A500A69C7E /* UserRemoteDataRepository.swift */ = {isa = PBXFileReference; lastKnownFileType = sourcecode.swift; path = UserRemoteDataRepository.swift; sourceTree = "<group>"; };
		642727952B1CA70800A69C7E /* ServerRemoteRepository.swift */ = {isa = PBXFileReference; lastKnownFileType = sourcecode.swift; path = ServerRemoteRepository.swift; sourceTree = "<group>"; };
		642727982B1CA73800A69C7E /* AlhafezAlmtmaezServerProxy.swift */ = {isa = PBXFileReference; lastKnownFileType = sourcecode.swift; path = AlhafezAlmtmaezServerProxy.swift; sourceTree = "<group>"; };
		6427279A2B1CA76400A69C7E /* NetworkServer.swift */ = {isa = PBXFileReference; lastKnownFileType = sourcecode.swift; path = NetworkServer.swift; sourceTree = "<group>"; };
		6427279E2B1CA81700A69C7E /* NetworkRequestConfigurable.swift */ = {isa = PBXFileReference; lastKnownFileType = sourcecode.swift; path = NetworkRequestConfigurable.swift; sourceTree = "<group>"; };
		642727A02B1CA83500A69C7E /* HttpMethods.swift */ = {isa = PBXFileReference; lastKnownFileType = sourcecode.swift; path = HttpMethods.swift; sourceTree = "<group>"; };
		642727A22B1CA89C00A69C7E /* HttpUrls.swift */ = {isa = PBXFileReference; lastKnownFileType = sourcecode.swift; path = HttpUrls.swift; sourceTree = "<group>"; };
		642727A62B1CA9B900A69C7E /* AlhafezAlmtmaezServer.swift */ = {isa = PBXFileReference; lastKnownFileType = sourcecode.swift; path = AlhafezAlmtmaezServer.swift; sourceTree = "<group>"; };
		642727AF2B1CAB8500A69C7E /* ServerError.swift */ = {isa = PBXFileReference; lastKnownFileType = sourcecode.swift; path = ServerError.swift; sourceTree = "<group>"; };
		642727B32B1D57FF00A69C7E /* InMemoryCacheStorage.swift */ = {isa = PBXFileReference; lastKnownFileType = sourcecode.swift; path = InMemoryCacheStorage.swift; sourceTree = "<group>"; };
		642727B52B1D590700A69C7E /* KeychainStorage.swift */ = {isa = PBXFileReference; lastKnownFileType = sourcecode.swift; path = KeychainStorage.swift; sourceTree = "<group>"; };
		642727B72B1D5A3C00A69C7E /* UserDefaultsService.swift */ = {isa = PBXFileReference; lastKnownFileType = sourcecode.swift; path = UserDefaultsService.swift; sourceTree = "<group>"; };
		642727BC2B1D5F3B00A69C7E /* NetworkEndpoint.swift */ = {isa = PBXFileReference; lastKnownFileType = sourcecode.swift; path = NetworkEndpoint.swift; sourceTree = "<group>"; };
		642727BE2B1D5FA000A69C7E /* UserProfileEndpoint.swift */ = {isa = PBXFileReference; lastKnownFileType = sourcecode.swift; path = UserProfileEndpoint.swift; sourceTree = "<group>"; };
		6428D2042B5DF4EE00F6C79D /* BaseFormScreenVM.swift */ = {isa = PBXFileReference; lastKnownFileType = sourcecode.swift; path = BaseFormScreenVM.swift; sourceTree = "<group>"; };
		6428DC4C2BA3422100B54E35 /* MainTabBarController.swift */ = {isa = PBXFileReference; lastKnownFileType = sourcecode.swift; path = MainTabBarController.swift; sourceTree = "<group>"; };
		6428DC4E2BA3426900B54E35 /* Logger.swift */ = {isa = PBXFileReference; lastKnownFileType = sourcecode.swift; path = Logger.swift; sourceTree = "<group>"; };
		6428DC562BA3475600B54E35 /* HomeScreen.xib */ = {isa = PBXFileReference; fileEncoding = 4; lastKnownFileType = file.xib; path = HomeScreen.xib; sourceTree = "<group>"; };
		6428DC572BA3475600B54E35 /* HomeScreen.swift */ = {isa = PBXFileReference; fileEncoding = 4; lastKnownFileType = sourcecode.swift; path = HomeScreen.swift; sourceTree = "<group>"; };
		6428DC5B2BA3477C00B54E35 /* HerosScreen.swift */ = {isa = PBXFileReference; lastKnownFileType = sourcecode.swift; path = HerosScreen.swift; sourceTree = "<group>"; };
		6428DC5C2BA3477C00B54E35 /* HerosScreen.xib */ = {isa = PBXFileReference; lastKnownFileType = file.xib; path = HerosScreen.xib; sourceTree = "<group>"; };
		6428DC602BA347BE00B54E35 /* MyAccountScreen.swift */ = {isa = PBXFileReference; lastKnownFileType = sourcecode.swift; path = MyAccountScreen.swift; sourceTree = "<group>"; };
		6428DC612BA347BE00B54E35 /* MyAccountScreen.xib */ = {isa = PBXFileReference; lastKnownFileType = file.xib; path = MyAccountScreen.xib; sourceTree = "<group>"; };
		6428DC652BA347E500B54E35 /* QuranScreen.swift */ = {isa = PBXFileReference; lastKnownFileType = sourcecode.swift; path = QuranScreen.swift; sourceTree = "<group>"; };
		6428DC662BA347E500B54E35 /* QuranScreen.xib */ = {isa = PBXFileReference; lastKnownFileType = file.xib; path = QuranScreen.xib; sourceTree = "<group>"; };
		6428DC692BA354F700B54E35 /* ProfileImageView.swift */ = {isa = PBXFileReference; lastKnownFileType = sourcecode.swift; path = ProfileImageView.swift; sourceTree = "<group>"; };
		6428DC6C2BA355D300B54E35 /* EditProfileImageButton.swift */ = {isa = PBXFileReference; lastKnownFileType = sourcecode.swift; path = EditProfileImageButton.swift; sourceTree = "<group>"; };
		6428DC6E2BA3641B00B54E35 /* MyAccountScreenVM.swift */ = {isa = PBXFileReference; lastKnownFileType = sourcecode.swift; path = MyAccountScreenVM.swift; sourceTree = "<group>"; };
		6428DC702BA37B7600B54E35 /* MyAccountScreenService.swift */ = {isa = PBXFileReference; lastKnownFileType = sourcecode.swift; path = MyAccountScreenService.swift; sourceTree = "<group>"; };
		642CBEFE2B20AF3A007B3FFA /* VerifyCodeScreen.swift */ = {isa = PBXFileReference; lastKnownFileType = sourcecode.swift; path = VerifyCodeScreen.swift; sourceTree = "<group>"; };
		642CBEFF2B20AF3A007B3FFA /* VerifyCodeScreen.xib */ = {isa = PBXFileReference; lastKnownFileType = file.xib; path = VerifyCodeScreen.xib; sourceTree = "<group>"; };
		642CBF022B20B4D0007B3FFA /* UnderlinedButton.swift */ = {isa = PBXFileReference; lastKnownFileType = sourcecode.swift; path = UnderlinedButton.swift; sourceTree = "<group>"; };
		642CBF042B20BA10007B3FFA /* FormOTPStackView.swift */ = {isa = PBXFileReference; lastKnownFileType = sourcecode.swift; path = FormOTPStackView.swift; sourceTree = "<group>"; };
		642CBF062B20BA53007B3FFA /* FormOTPField.swift */ = {isa = PBXFileReference; lastKnownFileType = sourcecode.swift; path = FormOTPField.swift; sourceTree = "<group>"; };
		642CBF092B231351007B3FFA /* OTPValidityManager.swift */ = {isa = PBXFileReference; lastKnownFileType = sourcecode.swift; path = OTPValidityManager.swift; sourceTree = "<group>"; };
		642CBF0B2B234B6E007B3FFA /* OTPFieldView.swift */ = {isa = PBXFileReference; lastKnownFileType = sourcecode.swift; path = OTPFieldView.swift; sourceTree = "<group>"; };
		642CBF0D2B2382F1007B3FFA /* FormFieldView.swift */ = {isa = PBXFileReference; lastKnownFileType = sourcecode.swift; path = FormFieldView.swift; sourceTree = "<group>"; };
		644BC9ED2BD058C70010E87F /* SignOutEndpoint.swift */ = {isa = PBXFileReference; lastKnownFileType = sourcecode.swift; path = SignOutEndpoint.swift; sourceTree = "<group>"; };
		644BC9EF2BD07C580010E87F /* UITableView+Extension.swift */ = {isa = PBXFileReference; lastKnownFileType = sourcecode.swift; path = "UITableView+Extension.swift"; sourceTree = "<group>"; };
		644BC9F32BD07CDF0010E87F /* EvaluationsTableHeaderCell.swift */ = {isa = PBXFileReference; lastKnownFileType = sourcecode.swift; path = EvaluationsTableHeaderCell.swift; sourceTree = "<group>"; };
		644BC9F42BD07CDF0010E87F /* EvaluationsTableHeaderCell.xib */ = {isa = PBXFileReference; lastKnownFileType = file.xib; path = EvaluationsTableHeaderCell.xib; sourceTree = "<group>"; };
		644BC9F72BD07E0A0010E87F /* EvaluationTableCell.swift */ = {isa = PBXFileReference; lastKnownFileType = sourcecode.swift; path = EvaluationTableCell.swift; sourceTree = "<group>"; };
		644BC9F82BD07E0A0010E87F /* EvaluationTableCell.xib */ = {isa = PBXFileReference; lastKnownFileType = file.xib; path = EvaluationTableCell.xib; sourceTree = "<group>"; };
		644BC9FB2BD07FC80010E87F /* EvaluationVM.swift */ = {isa = PBXFileReference; lastKnownFileType = sourcecode.swift; path = EvaluationVM.swift; sourceTree = "<group>"; };
		644BC9FD2BD0800F0010E87F /* HomeScreenVM.swift */ = {isa = PBXFileReference; lastKnownFileType = sourcecode.swift; path = HomeScreenVM.swift; sourceTree = "<group>"; };
		644BC9FF2BD080220010E87F /* HomeScreenService.swift */ = {isa = PBXFileReference; lastKnownFileType = sourcecode.swift; path = HomeScreenService.swift; sourceTree = "<group>"; };
		644BCA012BD084270010E87F /* EvaluationsEndpoint.swift */ = {isa = PBXFileReference; lastKnownFileType = sourcecode.swift; path = EvaluationsEndpoint.swift; sourceTree = "<group>"; };
		644BCA032BD084C50010E87F /* EvaluationModel.swift */ = {isa = PBXFileReference; lastKnownFileType = sourcecode.swift; path = EvaluationModel.swift; sourceTree = "<group>"; };
		644BCA052BD09F8D0010E87F /* EvaluationsDataModel.swift */ = {isa = PBXFileReference; lastKnownFileType = sourcecode.swift; path = EvaluationsDataModel.swift; sourceTree = "<group>"; };
		645B95992B115F1A00142284 /* UIViewNibbable.swift */ = {isa = PBXFileReference; lastKnownFileType = sourcecode.swift; path = UIViewNibbable.swift; sourceTree = "<group>"; };
		645B959B2B115FBD00142284 /* AnyObjectIdentifiable.swift */ = {isa = PBXFileReference; lastKnownFileType = sourcecode.swift; path = AnyObjectIdentifiable.swift; sourceTree = "<group>"; };
		6465186E2B6217DF00CEEF9E /* NetworkResponseModel.swift */ = {isa = PBXFileReference; lastKnownFileType = sourcecode.swift; path = NetworkResponseModel.swift; sourceTree = "<group>"; };
		646518702B62181600CEEF9E /* NoDataNetworkResponseModel.swift */ = {isa = PBXFileReference; lastKnownFileType = sourcecode.swift; path = NoDataNetworkResponseModel.swift; sourceTree = "<group>"; };
		646518722B6234DB00CEEF9E /* ApplicationError.swift */ = {isa = PBXFileReference; lastKnownFileType = sourcecode.swift; path = ApplicationError.swift; sourceTree = "<group>"; };
		646D22742B64CCB500877543 /* VerifyCodeEndpoint.swift */ = {isa = PBXFileReference; lastKnownFileType = sourcecode.swift; path = VerifyCodeEndpoint.swift; sourceTree = "<group>"; };
		646D22762B64D10E00877543 /* VerifyCodeEndpoint+Dto.swift */ = {isa = PBXFileReference; lastKnownFileType = sourcecode.swift; path = "VerifyCodeEndpoint+Dto.swift"; sourceTree = "<group>"; };
		646D22782B64D81000877543 /* UserCredentialsModel.swift */ = {isa = PBXFileReference; lastKnownFileType = sourcecode.swift; path = UserCredentialsModel.swift; sourceTree = "<group>"; };
		646D227A2B64DF8B00877543 /* CachePublishedWrappers.swift */ = {isa = PBXFileReference; lastKnownFileType = sourcecode.swift; path = CachePublishedWrappers.swift; sourceTree = "<group>"; };
		64751F272B02B4C40013EB9E /* SignInScreen.swift */ = {isa = PBXFileReference; lastKnownFileType = sourcecode.swift; path = SignInScreen.swift; sourceTree = "<group>"; };
		64751F2C2B02B4D80013EB9E /* BaseScreen.swift */ = {isa = PBXFileReference; lastKnownFileType = sourcecode.swift; path = BaseScreen.swift; sourceTree = "<group>"; };
		64751F322B02B6C50013EB9E /* SignInScreen.xib */ = {isa = PBXFileReference; lastKnownFileType = file.xib; path = SignInScreen.xib; sourceTree = "<group>"; };
		64751F342B02BA1B0013EB9E /* UIView+Extension.swift */ = {isa = PBXFileReference; fileEncoding = 4; lastKnownFileType = sourcecode.swift; path = "UIView+Extension.swift"; sourceTree = "<group>"; };
		64751F392B02BA490013EB9E /* StringIdentifiable.swift */ = {isa = PBXFileReference; fileEncoding = 4; lastKnownFileType = sourcecode.swift; path = StringIdentifiable.swift; sourceTree = "<group>"; };
		64780B302B63544800C92261 /* ErrorDetails.swift */ = {isa = PBXFileReference; lastKnownFileType = sourcecode.swift; path = ErrorDetails.swift; sourceTree = "<group>"; };
		64780B322B63572A00C92261 /* BaseFormVM.swift */ = {isa = PBXFileReference; lastKnownFileType = sourcecode.swift; path = BaseFormVM.swift; sourceTree = "<group>"; };
		64C1821C2B1F114200AE05A7 /* NetworkResponse.swift */ = {isa = PBXFileReference; lastKnownFileType = sourcecode.swift; path = NetworkResponse.swift; sourceTree = "<group>"; };
		64C182202B1F12D900AE05A7 /* UserDefaultsError.swift */ = {isa = PBXFileReference; lastKnownFileType = sourcecode.swift; path = UserDefaultsError.swift; sourceTree = "<group>"; };
		64C182222B1F134A00AE05A7 /* KeychainError.swift */ = {isa = PBXFileReference; lastKnownFileType = sourcecode.swift; path = KeychainError.swift; sourceTree = "<group>"; };
		64C182242B1F1EEA00AE05A7 /* KeychainStorageP.swift */ = {isa = PBXFileReference; lastKnownFileType = sourcecode.swift; path = KeychainStorageP.swift; sourceTree = "<group>"; };
		64C182262B1F1FE300AE05A7 /* HttpStatusCodes.swift */ = {isa = PBXFileReference; lastKnownFileType = sourcecode.swift; path = HttpStatusCodes.swift; sourceTree = "<group>"; };
		64C182282B1F1FFF00AE05A7 /* HttpHeaders.swift */ = {isa = PBXFileReference; lastKnownFileType = sourcecode.swift; path = HttpHeaders.swift; sourceTree = "<group>"; };
		64C1822A2B1F201800AE05A7 /* HttpBodies.swift */ = {isa = PBXFileReference; lastKnownFileType = sourcecode.swift; path = HttpBodies.swift; sourceTree = "<group>"; };
		64C1822C2B1F203300AE05A7 /* HttpParams.swift */ = {isa = PBXFileReference; lastKnownFileType = sourcecode.swift; path = HttpParams.swift; sourceTree = "<group>"; };
		64C1822E2B1F20EF00AE05A7 /* StorageKey.swift */ = {isa = PBXFileReference; lastKnownFileType = sourcecode.swift; path = StorageKey.swift; sourceTree = "<group>"; };
		64CAEA122B2AFC1E007929B7 /* AuthDataRepository.swift */ = {isa = PBXFileReference; lastKnownFileType = sourcecode.swift; path = AuthDataRepository.swift; sourceTree = "<group>"; };
		64CAEA142B2AFC84007929B7 /* ToastManager.swift */ = {isa = PBXFileReference; lastKnownFileType = sourcecode.swift; path = ToastManager.swift; sourceTree = "<group>"; };
		64CAEA162B2AFCB2007929B7 /* SpinnerManager.swift */ = {isa = PBXFileReference; lastKnownFileType = sourcecode.swift; path = SpinnerManager.swift; sourceTree = "<group>"; };
		64CAEA182B2AFCCA007929B7 /* UIAlertManager.swift */ = {isa = PBXFileReference; lastKnownFileType = sourcecode.swift; path = UIAlertManager.swift; sourceTree = "<group>"; };
		64CAEA1A2B2AFFCE007929B7 /* ViewControllerNavigating.swift */ = {isa = PBXFileReference; lastKnownFileType = sourcecode.swift; path = ViewControllerNavigating.swift; sourceTree = "<group>"; };
		64EFAE352AFEA88200C34799 /* الحافظ المتميز.app */ = {isa = PBXFileReference; explicitFileType = wrapper.application; includeInIndex = 0; path = "الحافظ المتميز.app"; sourceTree = BUILT_PRODUCTS_DIR; };
		64EFAE382AFEA88200C34799 /* AppDelegate.swift */ = {isa = PBXFileReference; lastKnownFileType = sourcecode.swift; path = AppDelegate.swift; sourceTree = "<group>"; };
		64EFAE3A2AFEA88200C34799 /* SceneDelegate.swift */ = {isa = PBXFileReference; lastKnownFileType = sourcecode.swift; path = SceneDelegate.swift; sourceTree = "<group>"; };
		64EFAE3F2AFEA88200C34799 /* Base */ = {isa = PBXFileReference; lastKnownFileType = file.storyboard; name = Base; path = Base.lproj/Main.storyboard; sourceTree = "<group>"; };
		64EFAE412AFEA88400C34799 /* Assets.xcassets */ = {isa = PBXFileReference; lastKnownFileType = folder.assetcatalog; path = Assets.xcassets; sourceTree = "<group>"; };
		64EFAE442AFEA88400C34799 /* Base */ = {isa = PBXFileReference; lastKnownFileType = file.storyboard; name = Base; path = Base.lproj/LaunchScreen.storyboard; sourceTree = "<group>"; };
		64EFAE462AFEA88400C34799 /* Info.plist */ = {isa = PBXFileReference; lastKnownFileType = text.plist.xml; path = Info.plist; sourceTree = "<group>"; };
		64EFAE4D2AFEAA9200C34799 /* Localizable.xcstrings */ = {isa = PBXFileReference; lastKnownFileType = text.json.xcstrings; path = Localizable.xcstrings; sourceTree = "<group>"; };
		64EFAE572AFEAB2A00C34799 /* SplashScreen.swift */ = {isa = PBXFileReference; lastKnownFileType = sourcecode.swift; path = SplashScreen.swift; sourceTree = "<group>"; };
		64EFAE582AFEAB2A00C34799 /* SplashScreen.xib */ = {isa = PBXFileReference; lastKnownFileType = file.xib; path = SplashScreen.xib; sourceTree = "<group>"; };
/* End PBXFileReference section */

/* Begin PBXFrameworksBuildPhase section */
		64EFAE322AFEA88200C34799 /* Frameworks */ = {
			isa = PBXFrameworksBuildPhase;
			buildActionMask = 2147483647;
			files = (
				642727AD2B1CAA0F00A69C7E /* Toast in Frameworks */,
				642727AA2B1CA9DB00A69C7E /* Alamofire in Frameworks */,
			);
			runOnlyForDeploymentPostprocessing = 0;
		};
/* End PBXFrameworksBuildPhase section */

/* Begin PBXGroup section */
		640B33362B19273C00BECE0E /* Strings */ = {
			isa = PBXGroup;
			children = (
				640B33372B19275100BECE0E /* String+Assets.swift */,
				640B335A2B1944C600BECE0E /* StringAttributes+Assets.swift */,
			);
			path = Strings;
			sourceTree = "<group>";
		};
		640B333F2B192A8500BECE0E /* Labels */ = {
			isa = PBXGroup;
			children = (
				640B33462B192D4000BECE0E /* FormFieldBaseLabel.swift */,
				640B33342B19210000BECE0E /* FormFieldTitleLabel.swift */,
				640B33422B192B1200BECE0E /* FormFieldErrorLabel.swift */,
			);
			path = Labels;
			sourceTree = "<group>";
		};
		640B334A2B193EF400BECE0E /* Services */ = {
			isa = PBXGroup;
			children = (
				640B334B2B193EFD00BECE0E /* Protocol */,
				640B334C2B193F0900BECE0E /* BaseService.swift */,
				642727702B1C952300A69C7E /* BaseScreenService.swift */,
				642727722B1C953500A69C7E /* BaseNetworkService.swift */,
				642727782B1C95A500A69C7E /* AuthService.swift */,
				6427278F2B1CA37200A69C7E /* UserService.swift */,
				6427277C2B1C9CC600A69C7E /* UserSessionService.swift */,
				642727B72B1D5A3C00A69C7E /* UserDefaultsService.swift */,
			);
			path = Services;
			sourceTree = "<group>";
		};
		640B334B2B193EFD00BECE0E /* Protocol */ = {
			isa = PBXGroup;
			children = (
				640B334E2B193F1F00BECE0E /* BasicServiceFeatures.swift */,
				642727742B1C956600A69C7E /* NetworkServiceFeatures.swift */,
				6427277A2B1C9C1100A69C7E /* AuthAccessibleService.swift */,
			);
			path = Protocol;
			sourceTree = "<group>";
		};
		640B33522B193F9800BECE0E /* Errors */ = {
			isa = PBXGroup;
			children = (
				646518722B6234DB00CEEF9E /* ApplicationError.swift */,
				64780B302B63544800C92261 /* ErrorDetails.swift */,
				640B33552B19403000BECE0E /* GeneralError.swift */,
				642727AF2B1CAB8500A69C7E /* ServerError.swift */,
				64C182202B1F12D900AE05A7 /* UserDefaultsError.swift */,
				64C182222B1F134A00AE05A7 /* KeychainError.swift */,
			);
			path = Errors;
			sourceTree = "<group>";
		};
		640E76A12B1842B4001CE975 /* TextFields */ = {
			isa = PBXGroup;
			children = (
				640E76A22B1842C1001CE975 /* FormTextField.swift */,
				640B333B2B19287F00BECE0E /* PhoneNumberField.swift */,
				642CBF062B20BA53007B3FFA /* FormOTPField.swift */,
				642CBF042B20BA10007B3FFA /* FormOTPStackView.swift */,
			);
			path = TextFields;
			sourceTree = "<group>";
		};
		640E76A62B184475001CE975 /* Resources */ = {
			isa = PBXGroup;
			children = (
				642727532B1A044200A69C7E /* Dimensions */,
				640B33362B19273C00BECE0E /* Strings */,
				640E76C12B184DF7001CE975 /* Images */,
				640E76A72B184484001CE975 /* Fonts */,
			);
			path = Resources;
			sourceTree = "<group>";
		};
		640E76A72B184484001CE975 /* Fonts */ = {
			isa = PBXGroup;
			children = (
				640E76A42B1842D5001CE975 /* UIFont+Assets.swift */,
				640E76A82B18448E001CE975 /* AvenirArabic-Medium.otf */,
				640E76BD2B184C4B001CE975 /* AvenirArabic-Heavy.otf */,
			);
			path = Fonts;
			sourceTree = "<group>";
		};
		640E76B22B1847EA001CE975 /* Buttons */ = {
			isa = PBXGroup;
			children = (
				640E76B32B1847FD001CE975 /* FormSubmitButton.swift */,
				642CBF022B20B4D0007B3FFA /* UnderlinedButton.swift */,
				6428DC6C2BA355D300B54E35 /* EditProfileImageButton.swift */,
			);
			path = Buttons;
			sourceTree = "<group>";
		};
		640E76C12B184DF7001CE975 /* Images */ = {
			isa = PBXGroup;
			children = (
				640E76BF2B184D5A001CE975 /* UIImage+Assets.swift */,
			);
			path = Images;
			sourceTree = "<group>";
		};
		642727532B1A044200A69C7E /* Dimensions */ = {
			isa = PBXGroup;
			children = (
				642727542B1A045500A69C7E /* CGFloat+Assets.swift */,
			);
			path = Dimensions;
			sourceTree = "<group>";
		};
		6427275C2B1A22B300A69C7E /* Observers */ = {
			isa = PBXGroup;
			children = (
				6427275D2B1A22C500A69C7E /* KeyboardObserver.swift */,
			);
			path = Observers;
			sourceTree = "<group>";
		};
		642727632B1C944E00A69C7E /* Data */ = {
			isa = PBXGroup;
			children = (
				6427278A2B1CA12B00A69C7E /* NetworkModels */,
				642727642B1C945500A69C7E /* ViewModels */,
			);
			path = Data;
			sourceTree = "<group>";
		};
		642727642B1C945500A69C7E /* ViewModels */ = {
			isa = PBXGroup;
			children = (
				642727672B1C947800A69C7E /* BaseVM.swift */,
				64780B322B63572A00C92261 /* BaseFormVM.swift */,
				642727652B1C945D00A69C7E /* BaseScreenVM.swift */,
				6428D2042B5DF4EE00F6C79D /* BaseFormScreenVM.swift */,
				640AE8442B266C6D0045F1B9 /* TokenAndPhoneVM.swift */,
				6427278B2B1CA13B00A69C7E /* UserProfileVM.swift */,
				644BC9FB2BD07FC80010E87F /* EvaluationVM.swift */,
			);
			path = ViewModels;
			sourceTree = "<group>";
		};
		642727692B1C94B000A69C7E /* PropertyWrappers */ = {
			isa = PBXGroup;
			children = (
				6427276A2B1C94BA00A69C7E /* OnMain */,
			);
			path = PropertyWrappers;
			sourceTree = "<group>";
		};
		6427276A2B1C94BA00A69C7E /* OnMain */ = {
			isa = PBXGroup;
			children = (
				6427276B2B1C94C400A69C7E /* PublishedWrappers.swift */,
				642727842B1C9E3800A69C7E /* UserSessionPublishedWrappers.swift */,
				646D227A2B64DF8B00877543 /* CachePublishedWrappers.swift */,
			);
			path = OnMain;
			sourceTree = "<group>";
		};
		6427277E2B1C9CFC00A69C7E /* Repositories */ = {
			isa = PBXGroup;
			children = (
				642727952B1CA70800A69C7E /* ServerRemoteRepository.swift */,
				642727912B1CA69C00A69C7E /* UserLocalDataRepository.swift */,
				642727932B1CA6A500A69C7E /* UserRemoteDataRepository.swift */,
				6427277F2B1C9D1000A69C7E /* UserSessionRepository.swift */,
				64CAEA122B2AFC1E007929B7 /* AuthDataRepository.swift */,
			);
			path = Repositories;
			sourceTree = "<group>";
		};
		6427278A2B1CA12B00A69C7E /* NetworkModels */ = {
			isa = PBXGroup;
			children = (
				6465186E2B6217DF00CEEF9E /* NetworkResponseModel.swift */,
				646518702B62181600CEEF9E /* NoDataNetworkResponseModel.swift */,
				640AE8422B266C460045F1B9 /* TokenAndPhoneModel.swift */,
				646D22782B64D81000877543 /* UserCredentialsModel.swift */,
				6427278D2B1CA1DB00A69C7E /* UserProfileModel.swift */,
				644BCA052BD09F8D0010E87F /* EvaluationsDataModel.swift */,
				644BCA032BD084C50010E87F /* EvaluationModel.swift */,
			);
			path = NetworkModels;
			sourceTree = "<group>";
		};
		642727972B1CA72900A69C7E /* Network */ = {
			isa = PBXGroup;
			children = (
				642727632B1C944E00A69C7E /* Data */,
				640B334A2B193EF400BECE0E /* Services */,
				6427277E2B1C9CFC00A69C7E /* Repositories */,
				6427279D2B1CA7FB00A69C7E /* DataSources */,
			);
			path = Network;
			sourceTree = "<group>";
		};
		6427279D2B1CA7FB00A69C7E /* DataSources */ = {
			isa = PBXGroup;
			children = (
				642727B92B1D5EFD00A69C7E /* RemoteSource */,
				642727B12B1D57E900A69C7E /* LocalSource */,
			);
			path = DataSources;
			sourceTree = "<group>";
		};
		642727B12B1D57E900A69C7E /* LocalSource */ = {
			isa = PBXGroup;
			children = (
				64C182242B1F1EEA00AE05A7 /* KeychainStorageP.swift */,
				642727B52B1D590700A69C7E /* KeychainStorage.swift */,
				642727822B1C9D3900A69C7E /* UserSession.swift */,
				642727B32B1D57FF00A69C7E /* InMemoryCacheStorage.swift */,
				64C1822E2B1F20EF00AE05A7 /* StorageKey.swift */,
			);
			path = LocalSource;
			sourceTree = "<group>";
		};
		642727B92B1D5EFD00A69C7E /* RemoteSource */ = {
			isa = PBXGroup;
			children = (
				6427279A2B1CA76400A69C7E /* NetworkServer.swift */,
				642727A62B1CA9B900A69C7E /* AlhafezAlmtmaezServer.swift */,
				642727982B1CA73800A69C7E /* AlhafezAlmtmaezServerProxy.swift */,
				6427279E2B1CA81700A69C7E /* NetworkRequestConfigurable.swift */,
				64C1821C2B1F114200AE05A7 /* NetworkResponse.swift */,
				642727BC2B1D5F3B00A69C7E /* NetworkEndpoint.swift */,
				642727A22B1CA89C00A69C7E /* HttpUrls.swift */,
				64C1822A2B1F201800AE05A7 /* HttpBodies.swift */,
				64C1822C2B1F203300AE05A7 /* HttpParams.swift */,
				64C182282B1F1FFF00AE05A7 /* HttpHeaders.swift */,
				642727A02B1CA83500A69C7E /* HttpMethods.swift */,
				64C182262B1F1FE300AE05A7 /* HttpStatusCodes.swift */,
				642727BB2B1D5F1200A69C7E /* Endpoints */,
			);
			path = RemoteSource;
			sourceTree = "<group>";
		};
		642727BB2B1D5F1200A69C7E /* Endpoints */ = {
			isa = PBXGroup;
			children = (
				642727BE2B1D5FA000A69C7E /* UserProfileEndpoint.swift */,
				640AE8402B266B2F0045F1B9 /* RequestVerificationCodeEndpoint.swift */,
				646D22742B64CCB500877543 /* VerifyCodeEndpoint.swift */,
				646D22762B64D10E00877543 /* VerifyCodeEndpoint+Dto.swift */,
				644BC9ED2BD058C70010E87F /* SignOutEndpoint.swift */,
				644BCA012BD084270010E87F /* EvaluationsEndpoint.swift */,
			);
			path = Endpoints;
			sourceTree = "<group>";
		};
		6428DC4A2BA3417A00B54E35 /* App */ = {
			isa = PBXGroup;
			children = (
				64EFAE382AFEA88200C34799 /* AppDelegate.swift */,
				640B33482B193EC900BECE0E /* AppDelegateService.swift */,
				64EFAE3A2AFEA88200C34799 /* SceneDelegate.swift */,
				64EFAE3E2AFEA88200C34799 /* Main.storyboard */,
				64EFAE432AFEA88400C34799 /* LaunchScreen.storyboard */,
			);
			path = App;
			sourceTree = "<group>";
		};
		6428DC4B2BA3421500B54E35 /* Tabs */ = {
			isa = PBXGroup;
			children = (
				6428DC4C2BA3422100B54E35 /* MainTabBarController.swift */,
				6428DC552BA3474C00B54E35 /* Home */,
				6428DC5A2BA3475B00B54E35 /* Heros */,
				6428DC642BA347D900B54E35 /* Quran */,
				6428DC5F2BA3479E00B54E35 /* Profile */,
			);
			path = Tabs;
			sourceTree = "<group>";
		};
		6428DC552BA3474C00B54E35 /* Home */ = {
			isa = PBXGroup;
			children = (
				6428DC562BA3475600B54E35 /* HomeScreen.xib */,
				6428DC572BA3475600B54E35 /* HomeScreen.swift */,
				644BC9FD2BD0800F0010E87F /* HomeScreenVM.swift */,
				644BC9FF2BD080220010E87F /* HomeScreenService.swift */,
			);
			path = Home;
			sourceTree = "<group>";
		};
		6428DC5A2BA3475B00B54E35 /* Heros */ = {
			isa = PBXGroup;
			children = (
				6428DC5C2BA3477C00B54E35 /* HerosScreen.xib */,
				6428DC5B2BA3477C00B54E35 /* HerosScreen.swift */,
			);
			path = Heros;
			sourceTree = "<group>";
		};
		6428DC5F2BA3479E00B54E35 /* Profile */ = {
			isa = PBXGroup;
			children = (
				6428DC612BA347BE00B54E35 /* MyAccountScreen.xib */,
				6428DC602BA347BE00B54E35 /* MyAccountScreen.swift */,
				6428DC6E2BA3641B00B54E35 /* MyAccountScreenVM.swift */,
				6428DC702BA37B7600B54E35 /* MyAccountScreenService.swift */,
			);
			path = Profile;
			sourceTree = "<group>";
		};
		6428DC642BA347D900B54E35 /* Quran */ = {
			isa = PBXGroup;
			children = (
				6428DC662BA347E500B54E35 /* QuranScreen.xib */,
				6428DC652BA347E500B54E35 /* QuranScreen.swift */,
			);
			path = Quran;
			sourceTree = "<group>";
		};
		6428DC6B2BA354FB00B54E35 /* ImageViews */ = {
			isa = PBXGroup;
			children = (
				6428DC692BA354F700B54E35 /* ProfileImageView.swift */,
			);
			path = ImageViews;
			sourceTree = "<group>";
		};
		642CBEFD2B20AF1D007B3FFA /* VerifyCode */ = {
			isa = PBXGroup;
			children = (
				642CBEFF2B20AF3A007B3FFA /* VerifyCodeScreen.xib */,
				642CBEFE2B20AF3A007B3FFA /* VerifyCodeScreen.swift */,
				6426A5582B64C4E500B46C0A /* VerifyCodeScreenVM.swift */,
				6426A55A2B64C50600B46C0A /* VerifyCodeScreenService.swift */,
			);
			path = VerifyCode;
			sourceTree = "<group>";
		};
		642CBF082B231344007B3FFA /* Managers */ = {
			isa = PBXGroup;
			children = (
				642CBF092B231351007B3FFA /* OTPValidityManager.swift */,
				64CAEA142B2AFC84007929B7 /* ToastManager.swift */,
				64CAEA162B2AFCB2007929B7 /* SpinnerManager.swift */,
				64CAEA182B2AFCCA007929B7 /* UIAlertManager.swift */,
			);
			path = Managers;
			sourceTree = "<group>";
		};
		644BC9F22BD07CB80010E87F /* Cells */ = {
			isa = PBXGroup;
			children = (
				644BC9F32BD07CDF0010E87F /* EvaluationsTableHeaderCell.swift */,
				644BC9F42BD07CDF0010E87F /* EvaluationsTableHeaderCell.xib */,
				644BC9F72BD07E0A0010E87F /* EvaluationTableCell.swift */,
				644BC9F82BD07E0A0010E87F /* EvaluationTableCell.xib */,
			);
			path = Cells;
			sourceTree = "<group>";
		};
		64751F262B02B4A50013EB9E /* SignIn */ = {
			isa = PBXGroup;
			children = (
				64751F322B02B6C50013EB9E /* SignInScreen.xib */,
				64751F272B02B4C40013EB9E /* SignInScreen.swift */,
				640AE83C2B2669D70045F1B9 /* SignInScreenVM.swift */,
				640AE83E2B266A1E0045F1B9 /* SignInScreenService.swift */,
			);
			path = SignIn;
			sourceTree = "<group>";
		};
		64751F2B2B02B4CA0013EB9E /* Base */ = {
			isa = PBXGroup;
			children = (
				640B33392B19282200BECE0E /* BaseVC.swift */,
				64751F2C2B02B4D80013EB9E /* BaseScreen.swift */,
				6427275A2B1A21C200A69C7E /* BaseScrollableScreen.swift */,
				642727582B1A21A200A69C7E /* BaseScrollableFormScreen.swift */,
				640B33572B19422900BECE0E /* ScreenNavigationController.swift */,
			);
			path = Base;
			sourceTree = "<group>";
		};
		64751F2E2B02B6A10013EB9E /* Views */ = {
			isa = PBXGroup;
			children = (
				640E76B22B1847EA001CE975 /* Buttons */,
				640E76A12B1842B4001CE975 /* TextFields */,
				64B115AF2B2B8AD000908D2F /* FieldViews */,
				640B333F2B192A8500BECE0E /* Labels */,
				6428DC6B2BA354FB00B54E35 /* ImageViews */,
				644BC9F22BD07CB80010E87F /* Cells */,
			);
			path = Views;
			sourceTree = "<group>";
		};
		64751F362B02BA1D0013EB9E /* Extensions */ = {
			isa = PBXGroup;
			children = (
				640E76B92B184AE1001CE975 /* String+Extension.swift */,
				64751F342B02BA1B0013EB9E /* UIView+Extension.swift */,
				640E76AE2B184525001CE975 /* CGFloat+Extension.swift */,
				640E76C22B184E1E001CE975 /* UIImage+Extension.swift */,
				640E76BB2B184B46001CE975 /* UIButton+Extension.swift */,
				640B33502B193F6F00BECE0E /* Publisher+Extension.swift */,
				640E76AA2B1844F4001CE975 /* UIApplication+Extension.swift */,
				644BC9EF2BD07C580010E87F /* UITableView+Extension.swift */,
				640E76AC2B184505001CE975 /* UIViewController+Extension.swift */,
				640B33442B192BA800BECE0E /* NSAttributedString+Extension.swift */,
				640E76B72B184A99001CE975 /* NSDirectionalEdgeInsets+Extension.swift */,
			);
			path = Extensions;
			sourceTree = "<group>";
		};
		64751F372B02BA2B0013EB9E /* Utilities */ = {
			isa = PBXGroup;
			children = (
				642CBF082B231344007B3FFA /* Managers */,
				640B33522B193F9800BECE0E /* Errors */,
				6427275C2B1A22B300A69C7E /* Observers */,
				64751F382B02BA3A0013EB9E /* Protocols */,
				64751F362B02BA1D0013EB9E /* Extensions */,
				642727692B1C94B000A69C7E /* PropertyWrappers */,
				640E76A62B184475001CE975 /* Resources */,
				6428DC4E2BA3426900B54E35 /* Logger.swift */,
			);
			path = Utilities;
			sourceTree = "<group>";
		};
		64751F382B02BA3A0013EB9E /* Protocols */ = {
			isa = PBXGroup;
			children = (
				645B95992B115F1A00142284 /* UIViewNibbable.swift */,
				64751F392B02BA490013EB9E /* StringIdentifiable.swift */,
				645B959B2B115FBD00142284 /* AnyObjectIdentifiable.swift */,
				64CAEA1A2B2AFFCE007929B7 /* ViewControllerNavigating.swift */,
			);
			path = Protocols;
			sourceTree = "<group>";
		};
		64B115AF2B2B8AD000908D2F /* FieldViews */ = {
			isa = PBXGroup;
			children = (
				642CBF0D2B2382F1007B3FFA /* FormFieldView.swift */,
				640B33402B192A9800BECE0E /* FormTextFieldView.swift */,
				6427275F2B1A46AA00A69C7E /* PhoneNumberFieldView.swift */,
				642CBF0B2B234B6E007B3FFA /* OTPFieldView.swift */,
			);
			path = FieldViews;
			sourceTree = "<group>";
		};
		64EFAE2C2AFEA88200C34799 = {
			isa = PBXGroup;
			children = (
				64EFAE372AFEA88200C34799 /* AlhafezAlmtmaez */,
				64EFAE362AFEA88200C34799 /* Products */,
			);
			indentWidth = 4;
			sourceTree = "<group>";
			tabWidth = 4;
		};
		64EFAE362AFEA88200C34799 /* Products */ = {
			isa = PBXGroup;
			children = (
				64EFAE352AFEA88200C34799 /* الحافظ المتميز.app */,
			);
			name = Products;
			sourceTree = "<group>";
		};
		64EFAE372AFEA88200C34799 /* AlhafezAlmtmaez */ = {
			isa = PBXGroup;
			children = (
				6428DC4A2BA3417A00B54E35 /* App */,
				64EFAE542AFEAB0100C34799 /* Screens */,
				642727972B1CA72900A69C7E /* Network */,
				64751F2E2B02B6A10013EB9E /* Views */,
				64751F372B02BA2B0013EB9E /* Utilities */,
				64EFAE552AFEAB0B00C34799 /* Resources */,
				64EFAE4D2AFEAA9200C34799 /* Localizable.xcstrings */,
				64EFAE462AFEA88400C34799 /* Info.plist */,
			);
			path = AlhafezAlmtmaez;
			sourceTree = "<group>";
		};
		64EFAE542AFEAB0100C34799 /* Screens */ = {
			isa = PBXGroup;
			children = (
				64751F2B2B02B4CA0013EB9E /* Base */,
				64EFAE562AFEAB1100C34799 /* Splash */,
				64751F262B02B4A50013EB9E /* SignIn */,
				642CBEFD2B20AF1D007B3FFA /* VerifyCode */,
				6428DC4B2BA3421500B54E35 /* Tabs */,
			);
			path = Screens;
			sourceTree = "<group>";
		};
		64EFAE552AFEAB0B00C34799 /* Resources */ = {
			isa = PBXGroup;
			children = (
				64EFAE412AFEA88400C34799 /* Assets.xcassets */,
			);
			path = Resources;
			sourceTree = "<group>";
		};
		64EFAE562AFEAB1100C34799 /* Splash */ = {
			isa = PBXGroup;
			children = (
				64EFAE582AFEAB2A00C34799 /* SplashScreen.xib */,
				64EFAE572AFEAB2A00C34799 /* SplashScreen.swift */,
				642727612B1C941700A69C7E /* SplashScreenVM.swift */,
				6427276D2B1C94EE00A69C7E /* SplashScreenService.swift */,
			);
			path = Splash;
			sourceTree = "<group>";
		};
/* End PBXGroup section */

/* Begin PBXNativeTarget section */
		64EFAE342AFEA88200C34799 /* AlhafezAlmtmaez */ = {
			isa = PBXNativeTarget;
			buildConfigurationList = 64EFAE492AFEA88400C34799 /* Build configuration list for PBXNativeTarget "AlhafezAlmtmaez" */;
			buildPhases = (
				64EFAE312AFEA88200C34799 /* Sources */,
				64EFAE322AFEA88200C34799 /* Frameworks */,
				64EFAE332AFEA88200C34799 /* Resources */,
			);
			buildRules = (
			);
			dependencies = (
			);
			name = AlhafezAlmtmaez;
			packageProductDependencies = (
				642727A92B1CA9DB00A69C7E /* Alamofire */,
				642727AC2B1CAA0F00A69C7E /* Toast */,
			);
			productName = AlhafezAlmtmaez;
			productReference = 64EFAE352AFEA88200C34799 /* الحافظ المتميز.app */;
			productType = "com.apple.product-type.application";
		};
/* End PBXNativeTarget section */

/* Begin PBXProject section */
		64EFAE2D2AFEA88200C34799 /* Project object */ = {
			isa = PBXProject;
			attributes = {
				BuildIndependentTargetsInParallel = 1;
				LastSwiftUpdateCheck = 1500;
				LastUpgradeCheck = 1500;
				TargetAttributes = {
					64EFAE342AFEA88200C34799 = {
						CreatedOnToolsVersion = 15.0;
					};
				};
			};
			buildConfigurationList = 64EFAE302AFEA88200C34799 /* Build configuration list for PBXProject "AlhafezAlmtmaez" */;
			compatibilityVersion = "Xcode 14.0";
			developmentRegion = en;
			hasScannedForEncodings = 0;
			knownRegions = (
				en,
				Base,
			);
			mainGroup = 64EFAE2C2AFEA88200C34799;
			packageReferences = (
				642727A82B1CA9DB00A69C7E /* XCRemoteSwiftPackageReference "Alamofire" */,
				642727AB2B1CAA0F00A69C7E /* XCRemoteSwiftPackageReference "Toast-Swift" */,
			);
			productRefGroup = 64EFAE362AFEA88200C34799 /* Products */;
			projectDirPath = "";
			projectRoot = "";
			targets = (
				64EFAE342AFEA88200C34799 /* AlhafezAlmtmaez */,
			);
		};
/* End PBXProject section */

/* Begin PBXResourcesBuildPhase section */
		64EFAE332AFEA88200C34799 /* Resources */ = {
			isa = PBXResourcesBuildPhase;
			buildActionMask = 2147483647;
			files = (
				640E76BE2B184C4B001CE975 /* AvenirArabic-Heavy.otf in Resources */,
				64EFAE452AFEA88400C34799 /* LaunchScreen.storyboard in Resources */,
				6428DC582BA3475600B54E35 /* HomeScreen.xib in Resources */,
				6428DC682BA347E500B54E35 /* QuranScreen.xib in Resources */,
				64EFAE5A2AFEAB2A00C34799 /* SplashScreen.xib in Resources */,
				642CBF012B20AF3A007B3FFA /* VerifyCodeScreen.xib in Resources */,
				640E76A92B18448E001CE975 /* AvenirArabic-Medium.otf in Resources */,
				64EFAE422AFEA88400C34799 /* Assets.xcassets in Resources */,
				6428DC632BA347BE00B54E35 /* MyAccountScreen.xib in Resources */,
				64751F332B02B6C50013EB9E /* SignInScreen.xib in Resources */,
				64EFAE4E2AFEAA9200C34799 /* Localizable.xcstrings in Resources */,
				6428DC5E2BA3477C00B54E35 /* HerosScreen.xib in Resources */,
				644BC9F62BD07CE00010E87F /* EvaluationsTableHeaderCell.xib in Resources */,
				644BC9FA2BD07E0A0010E87F /* EvaluationTableCell.xib in Resources */,
				64EFAE402AFEA88200C34799 /* Main.storyboard in Resources */,
			);
			runOnlyForDeploymentPostprocessing = 0;
		};
/* End PBXResourcesBuildPhase section */

/* Begin PBXSourcesBuildPhase section */
		64EFAE312AFEA88200C34799 /* Sources */ = {
			isa = PBXSourcesBuildPhase;
			buildActionMask = 2147483647;
			files = (
				640B33472B192D4000BECE0E /* FormFieldBaseLabel.swift in Sources */,
				642CBF0E2B2382F1007B3FFA /* FormFieldView.swift in Sources */,
				644BCA042BD084C50010E87F /* EvaluationModel.swift in Sources */,
				640E76AD2B184505001CE975 /* UIViewController+Extension.swift in Sources */,
				6428DC672BA347E500B54E35 /* QuranScreen.swift in Sources */,
				640B33382B19275100BECE0E /* String+Assets.swift in Sources */,
				640E76BA2B184AE1001CE975 /* String+Extension.swift in Sources */,
				642727682B1C947800A69C7E /* BaseVM.swift in Sources */,
				640AE8412B266B2F0045F1B9 /* RequestVerificationCodeEndpoint.swift in Sources */,
				642727852B1C9E3800A69C7E /* UserSessionPublishedWrappers.swift in Sources */,
				642727B42B1D57FF00A69C7E /* InMemoryCacheStorage.swift in Sources */,
				640AE83F2B266A1E0045F1B9 /* SignInScreenService.swift in Sources */,
				6428DC4D2BA3422100B54E35 /* MainTabBarController.swift in Sources */,
				6428DC6F2BA3641B00B54E35 /* MyAccountScreenVM.swift in Sources */,
				646D22792B64D81000877543 /* UserCredentialsModel.swift in Sources */,
				642727832B1C9D3900A69C7E /* UserSession.swift in Sources */,
				640AE83D2B2669D70045F1B9 /* SignInScreenVM.swift in Sources */,
				64C1822D2B1F203300AE05A7 /* HttpParams.swift in Sources */,
				6427279F2B1CA81700A69C7E /* NetworkRequestConfigurable.swift in Sources */,
				646D227B2B64DF8B00877543 /* CachePublishedWrappers.swift in Sources */,
				6427275B2B1A21C200A69C7E /* BaseScrollableScreen.swift in Sources */,
				640B33562B19403000BECE0E /* GeneralError.swift in Sources */,
				640E76A52B1842D5001CE975 /* UIFont+Assets.swift in Sources */,
				6427275E2B1A22C500A69C7E /* KeyboardObserver.swift in Sources */,
				6427278C2B1CA13B00A69C7E /* UserProfileVM.swift in Sources */,
				640E76C32B184E1E001CE975 /* UIImage+Extension.swift in Sources */,
				6428DC5D2BA3477C00B54E35 /* HerosScreen.swift in Sources */,
				642727BF2B1D5FA000A69C7E /* UserProfileEndpoint.swift in Sources */,
				64780B312B63544800C92261 /* ErrorDetails.swift in Sources */,
				64C182212B1F12D900AE05A7 /* UserDefaultsError.swift in Sources */,
				64C182252B1F1EEA00AE05A7 /* KeychainStorageP.swift in Sources */,
				642727622B1C941700A69C7E /* SplashScreenVM.swift in Sources */,
				640B33492B193EC900BECE0E /* AppDelegateService.swift in Sources */,
				642727A32B1CA89C00A69C7E /* HttpUrls.swift in Sources */,
				640B334F2B193F1F00BECE0E /* BasicServiceFeatures.swift in Sources */,
				642727592B1A21A200A69C7E /* BaseScrollableFormScreen.swift in Sources */,
				640E76BC2B184B46001CE975 /* UIButton+Extension.swift in Sources */,
				6426A55B2B64C50600B46C0A /* VerifyCodeScreenService.swift in Sources */,
				642727662B1C945D00A69C7E /* BaseScreenVM.swift in Sources */,
				642727752B1C956600A69C7E /* NetworkServiceFeatures.swift in Sources */,
				642727A12B1CA83500A69C7E /* HttpMethods.swift in Sources */,
				642727792B1C95A500A69C7E /* AuthService.swift in Sources */,
				64EFAE592AFEAB2A00C34799 /* SplashScreen.swift in Sources */,
				640E76B82B184A99001CE975 /* NSDirectionalEdgeInsets+Extension.swift in Sources */,
				64751F292B02B4C40013EB9E /* SignInScreen.swift in Sources */,
				640B33452B192BA800BECE0E /* NSAttributedString+Extension.swift in Sources */,
				6426A5592B64C4E500B46C0A /* VerifyCodeScreenVM.swift in Sources */,
				64CAEA1B2B2AFFCE007929B7 /* ViewControllerNavigating.swift in Sources */,
				644BCA062BD09F8D0010E87F /* EvaluationsDataModel.swift in Sources */,
				642727962B1CA70800A69C7E /* ServerRemoteRepository.swift in Sources */,
				644BC9F92BD07E0A0010E87F /* EvaluationTableCell.swift in Sources */,
				642727B62B1D590700A69C7E /* KeychainStorage.swift in Sources */,
				644BC9EE2BD058C70010E87F /* SignOutEndpoint.swift in Sources */,
				64C182232B1F134A00AE05A7 /* KeychainError.swift in Sources */,
				642727902B1CA37200A69C7E /* UserService.swift in Sources */,
				6427279B2B1CA76400A69C7E /* NetworkServer.swift in Sources */,
				642CBF0A2B231351007B3FFA /* OTPValidityManager.swift in Sources */,
				64751F352B02BA1B0013EB9E /* UIView+Extension.swift in Sources */,
				642727BD2B1D5F3B00A69C7E /* NetworkEndpoint.swift in Sources */,
				642727942B1CA6A500A69C7E /* UserRemoteDataRepository.swift in Sources */,
				640E76C02B184D5A001CE975 /* UIImage+Assets.swift in Sources */,
				642727802B1C9D1000A69C7E /* UserSessionRepository.swift in Sources */,
				640B333C2B19287F00BECE0E /* PhoneNumberField.swift in Sources */,
				64751F2D2B02B4D80013EB9E /* BaseScreen.swift in Sources */,
				644BC9F52BD07CE00010E87F /* EvaluationsTableHeaderCell.swift in Sources */,
				640E76AF2B184525001CE975 /* CGFloat+Extension.swift in Sources */,
				64751F3B2B02BA490013EB9E /* StringIdentifiable.swift in Sources */,
				6427278E2B1CA1DB00A69C7E /* UserProfileModel.swift in Sources */,
				640B33432B192B1200BECE0E /* FormFieldErrorLabel.swift in Sources */,
				640B33582B19422900BECE0E /* ScreenNavigationController.swift in Sources */,
				640E76B42B1847FD001CE975 /* FormSubmitButton.swift in Sources */,
				642CBF052B20BA10007B3FFA /* FormOTPStackView.swift in Sources */,
				6428DC712BA37B7600B54E35 /* MyAccountScreenService.swift in Sources */,
				642727712B1C952300A69C7E /* BaseScreenService.swift in Sources */,
				642727602B1A46AA00A69C7E /* PhoneNumberFieldView.swift in Sources */,
				644BC9FE2BD0800F0010E87F /* HomeScreenVM.swift in Sources */,
				64CAEA132B2AFC1E007929B7 /* AuthDataRepository.swift in Sources */,
				6428DC6A2BA354F700B54E35 /* ProfileImageView.swift in Sources */,
				646D22772B64D10E00877543 /* VerifyCodeEndpoint+Dto.swift in Sources */,
				645B959A2B115F1A00142284 /* UIViewNibbable.swift in Sources */,
				64CAEA172B2AFCB2007929B7 /* SpinnerManager.swift in Sources */,
				645B959C2B115FBD00142284 /* AnyObjectIdentifiable.swift in Sources */,
				640E76A32B1842C1001CE975 /* FormTextField.swift in Sources */,
				6428DC592BA3475600B54E35 /* HomeScreen.swift in Sources */,
				640B33512B193F6F00BECE0E /* Publisher+Extension.swift in Sources */,
				642727B02B1CAB8500A69C7E /* ServerError.swift in Sources */,
				640B333A2B19282200BECE0E /* BaseVC.swift in Sources */,
				640AE8452B266C6D0045F1B9 /* TokenAndPhoneVM.swift in Sources */,
				64C1822B2B1F201800AE05A7 /* HttpBodies.swift in Sources */,
				642CBF072B20BA53007B3FFA /* FormOTPField.swift in Sources */,
				646518732B6234DB00CEEF9E /* ApplicationError.swift in Sources */,
				642727B82B1D5A3C00A69C7E /* UserDefaultsService.swift in Sources */,
				64C182272B1F1FE300AE05A7 /* HttpStatusCodes.swift in Sources */,
				6465186F2B6217DF00CEEF9E /* NetworkResponseModel.swift in Sources */,
				642727732B1C953500A69C7E /* BaseNetworkService.swift in Sources */,
				64EFAE392AFEA88200C34799 /* AppDelegate.swift in Sources */,
				642CBF0C2B234B6E007B3FFA /* OTPFieldView.swift in Sources */,
				640B334D2B193F0900BECE0E /* BaseService.swift in Sources */,
				642727992B1CA73800A69C7E /* AlhafezAlmtmaezServerProxy.swift in Sources */,
				6428DC622BA347BE00B54E35 /* MyAccountScreen.swift in Sources */,
				6428D2052B5DF4EE00F6C79D /* BaseFormScreenVM.swift in Sources */,
				644BCA022BD084270010E87F /* EvaluationsEndpoint.swift in Sources */,
				6428DC6D2BA355D300B54E35 /* EditProfileImageButton.swift in Sources */,
				644BC9F02BD07C580010E87F /* UITableView+Extension.swift in Sources */,
				64780B332B63572A00C92261 /* BaseFormVM.swift in Sources */,
				6427276E2B1C94EE00A69C7E /* SplashScreenService.swift in Sources */,
				640E76AB2B1844F4001CE975 /* UIApplication+Extension.swift in Sources */,
				64CAEA192B2AFCCA007929B7 /* UIAlertManager.swift in Sources */,
				640B335B2B1944C600BECE0E /* StringAttributes+Assets.swift in Sources */,
				640B33412B192A9800BECE0E /* FormTextFieldView.swift in Sources */,
				640AE8432B266C460045F1B9 /* TokenAndPhoneModel.swift in Sources */,
				64C1822F2B1F20EF00AE05A7 /* StorageKey.swift in Sources */,
				644BCA002BD080220010E87F /* HomeScreenService.swift in Sources */,
				6427277B2B1C9C1100A69C7E /* AuthAccessibleService.swift in Sources */,
				6427277D2B1C9CC600A69C7E /* UserSessionService.swift in Sources */,
				6427276C2B1C94C400A69C7E /* PublishedWrappers.swift in Sources */,
				64EFAE3B2AFEA88200C34799 /* SceneDelegate.swift in Sources */,
				642CBF002B20AF3A007B3FFA /* VerifyCodeScreen.swift in Sources */,
				640B33352B19210000BECE0E /* FormFieldTitleLabel.swift in Sources */,
				646518712B62181600CEEF9E /* NoDataNetworkResponseModel.swift in Sources */,
				642727922B1CA69C00A69C7E /* UserLocalDataRepository.swift in Sources */,
				64CAEA152B2AFC84007929B7 /* ToastManager.swift in Sources */,
				644BC9FC2BD07FC80010E87F /* EvaluationVM.swift in Sources */,
				646D22752B64CCB500877543 /* VerifyCodeEndpoint.swift in Sources */,
				642727552B1A045500A69C7E /* CGFloat+Assets.swift in Sources */,
				642CBF032B20B4D0007B3FFA /* UnderlinedButton.swift in Sources */,
				642727A72B1CA9B900A69C7E /* AlhafezAlmtmaezServer.swift in Sources */,
				64C1821D2B1F114200AE05A7 /* NetworkResponse.swift in Sources */,
				64C182292B1F1FFF00AE05A7 /* HttpHeaders.swift in Sources */,
				6428DC4F2BA3426900B54E35 /* Logger.swift in Sources */,
			);
			runOnlyForDeploymentPostprocessing = 0;
		};
/* End PBXSourcesBuildPhase section */

/* Begin PBXVariantGroup section */
		64EFAE3E2AFEA88200C34799 /* Main.storyboard */ = {
			isa = PBXVariantGroup;
			children = (
				64EFAE3F2AFEA88200C34799 /* Base */,
			);
			name = Main.storyboard;
			sourceTree = "<group>";
		};
		64EFAE432AFEA88400C34799 /* LaunchScreen.storyboard */ = {
			isa = PBXVariantGroup;
			children = (
				64EFAE442AFEA88400C34799 /* Base */,
			);
			name = LaunchScreen.storyboard;
			sourceTree = "<group>";
		};
/* End PBXVariantGroup section */

/* Begin XCBuildConfiguration section */
		64EFAE472AFEA88400C34799 /* Debug */ = {
			isa = XCBuildConfiguration;
			buildSettings = {
				ALWAYS_SEARCH_USER_PATHS = NO;
				ASSETCATALOG_COMPILER_GENERATE_SWIFT_ASSET_SYMBOL_EXTENSIONS = YES;
				CLANG_ANALYZER_NONNULL = YES;
				CLANG_ANALYZER_NUMBER_OBJECT_CONVERSION = YES_AGGRESSIVE;
				CLANG_CXX_LANGUAGE_STANDARD = "gnu++20";
				CLANG_ENABLE_MODULES = YES;
				CLANG_ENABLE_OBJC_ARC = YES;
				CLANG_ENABLE_OBJC_WEAK = YES;
				CLANG_WARN_BLOCK_CAPTURE_AUTORELEASING = YES;
				CLANG_WARN_BOOL_CONVERSION = YES;
				CLANG_WARN_COMMA = YES;
				CLANG_WARN_CONSTANT_CONVERSION = YES;
				CLANG_WARN_DEPRECATED_OBJC_IMPLEMENTATIONS = YES;
				CLANG_WARN_DIRECT_OBJC_ISA_USAGE = YES_ERROR;
				CLANG_WARN_DOCUMENTATION_COMMENTS = YES;
				CLANG_WARN_EMPTY_BODY = YES;
				CLANG_WARN_ENUM_CONVERSION = YES;
				CLANG_WARN_INFINITE_RECURSION = YES;
				CLANG_WARN_INT_CONVERSION = YES;
				CLANG_WARN_NON_LITERAL_NULL_CONVERSION = YES;
				CLANG_WARN_OBJC_IMPLICIT_RETAIN_SELF = YES;
				CLANG_WARN_OBJC_LITERAL_CONVERSION = YES;
				CLANG_WARN_OBJC_ROOT_CLASS = YES_ERROR;
				CLANG_WARN_QUOTED_INCLUDE_IN_FRAMEWORK_HEADER = YES;
				CLANG_WARN_RANGE_LOOP_ANALYSIS = YES;
				CLANG_WARN_STRICT_PROTOTYPES = YES;
				CLANG_WARN_SUSPICIOUS_MOVE = YES;
				CLANG_WARN_UNGUARDED_AVAILABILITY = YES_AGGRESSIVE;
				CLANG_WARN_UNREACHABLE_CODE = YES;
				CLANG_WARN__DUPLICATE_METHOD_MATCH = YES;
				COPY_PHASE_STRIP = NO;
				DEBUG_INFORMATION_FORMAT = dwarf;
				ENABLE_STRICT_OBJC_MSGSEND = YES;
				ENABLE_TESTABILITY = YES;
				ENABLE_USER_SCRIPT_SANDBOXING = YES;
				GCC_C_LANGUAGE_STANDARD = gnu17;
				GCC_DYNAMIC_NO_PIC = NO;
				GCC_NO_COMMON_BLOCKS = YES;
				GCC_OPTIMIZATION_LEVEL = 0;
				GCC_PREPROCESSOR_DEFINITIONS = (
					"DEBUG=1",
					"$(inherited)",
				);
				GCC_WARN_64_TO_32_BIT_CONVERSION = YES;
				GCC_WARN_ABOUT_RETURN_TYPE = YES_ERROR;
				GCC_WARN_UNDECLARED_SELECTOR = YES;
				GCC_WARN_UNINITIALIZED_AUTOS = YES_AGGRESSIVE;
				GCC_WARN_UNUSED_FUNCTION = YES;
				GCC_WARN_UNUSED_VARIABLE = YES;
				IPHONEOS_DEPLOYMENT_TARGET = 15.5;
				LOCALIZATION_PREFERS_STRING_CATALOGS = YES;
				MTL_ENABLE_DEBUG_INFO = INCLUDE_SOURCE;
				MTL_FAST_MATH = YES;
				ONLY_ACTIVE_ARCH = YES;
				SDKROOT = iphoneos;
				SWIFT_ACTIVE_COMPILATION_CONDITIONS = "DEBUG $(inherited)";
				SWIFT_OPTIMIZATION_LEVEL = "-Onone";
			};
			name = Debug;
		};
		64EFAE482AFEA88400C34799 /* Release */ = {
			isa = XCBuildConfiguration;
			buildSettings = {
				ALWAYS_SEARCH_USER_PATHS = NO;
				ASSETCATALOG_COMPILER_GENERATE_SWIFT_ASSET_SYMBOL_EXTENSIONS = YES;
				CLANG_ANALYZER_NONNULL = YES;
				CLANG_ANALYZER_NUMBER_OBJECT_CONVERSION = YES_AGGRESSIVE;
				CLANG_CXX_LANGUAGE_STANDARD = "gnu++20";
				CLANG_ENABLE_MODULES = YES;
				CLANG_ENABLE_OBJC_ARC = YES;
				CLANG_ENABLE_OBJC_WEAK = YES;
				CLANG_WARN_BLOCK_CAPTURE_AUTORELEASING = YES;
				CLANG_WARN_BOOL_CONVERSION = YES;
				CLANG_WARN_COMMA = YES;
				CLANG_WARN_CONSTANT_CONVERSION = YES;
				CLANG_WARN_DEPRECATED_OBJC_IMPLEMENTATIONS = YES;
				CLANG_WARN_DIRECT_OBJC_ISA_USAGE = YES_ERROR;
				CLANG_WARN_DOCUMENTATION_COMMENTS = YES;
				CLANG_WARN_EMPTY_BODY = YES;
				CLANG_WARN_ENUM_CONVERSION = YES;
				CLANG_WARN_INFINITE_RECURSION = YES;
				CLANG_WARN_INT_CONVERSION = YES;
				CLANG_WARN_NON_LITERAL_NULL_CONVERSION = YES;
				CLANG_WARN_OBJC_IMPLICIT_RETAIN_SELF = YES;
				CLANG_WARN_OBJC_LITERAL_CONVERSION = YES;
				CLANG_WARN_OBJC_ROOT_CLASS = YES_ERROR;
				CLANG_WARN_QUOTED_INCLUDE_IN_FRAMEWORK_HEADER = YES;
				CLANG_WARN_RANGE_LOOP_ANALYSIS = YES;
				CLANG_WARN_STRICT_PROTOTYPES = YES;
				CLANG_WARN_SUSPICIOUS_MOVE = YES;
				CLANG_WARN_UNGUARDED_AVAILABILITY = YES_AGGRESSIVE;
				CLANG_WARN_UNREACHABLE_CODE = YES;
				CLANG_WARN__DUPLICATE_METHOD_MATCH = YES;
				COPY_PHASE_STRIP = NO;
				DEBUG_INFORMATION_FORMAT = "dwarf-with-dsym";
				ENABLE_NS_ASSERTIONS = NO;
				ENABLE_STRICT_OBJC_MSGSEND = YES;
				ENABLE_USER_SCRIPT_SANDBOXING = YES;
				GCC_C_LANGUAGE_STANDARD = gnu17;
				GCC_NO_COMMON_BLOCKS = YES;
				GCC_WARN_64_TO_32_BIT_CONVERSION = YES;
				GCC_WARN_ABOUT_RETURN_TYPE = YES_ERROR;
				GCC_WARN_UNDECLARED_SELECTOR = YES;
				GCC_WARN_UNINITIALIZED_AUTOS = YES_AGGRESSIVE;
				GCC_WARN_UNUSED_FUNCTION = YES;
				GCC_WARN_UNUSED_VARIABLE = YES;
				IPHONEOS_DEPLOYMENT_TARGET = 15.5;
				LOCALIZATION_PREFERS_STRING_CATALOGS = YES;
				MTL_ENABLE_DEBUG_INFO = NO;
				MTL_FAST_MATH = YES;
				SDKROOT = iphoneos;
				SWIFT_COMPILATION_MODE = wholemodule;
				VALIDATE_PRODUCT = YES;
			};
			name = Release;
		};
		64EFAE4A2AFEA88400C34799 /* Debug */ = {
			isa = XCBuildConfiguration;
			buildSettings = {
				ASSETCATALOG_COMPILER_APPICON_NAME = AppIcon;
				ASSETCATALOG_COMPILER_GLOBAL_ACCENT_COLOR_NAME = AccentColor;
				CODE_SIGN_STYLE = Automatic;
				CURRENT_PROJECT_VERSION = 1;
				DEVELOPMENT_TEAM = WC36D4V4KU;
				GENERATE_INFOPLIST_FILE = YES;
				INFOPLIST_FILE = AlhafezAlmtmaez/Info.plist;
				INFOPLIST_KEY_CFBundleDisplayName = "الحافظ المتميز";
				INFOPLIST_KEY_UIApplicationSupportsIndirectInputEvents = YES;
				INFOPLIST_KEY_UILaunchStoryboardName = LaunchScreen;
				INFOPLIST_KEY_UIMainStoryboardFile = Main;
				INFOPLIST_KEY_UIStatusBarHidden = YES;
				INFOPLIST_KEY_UIStatusBarStyle = UIStatusBarStyleLightContent;
				INFOPLIST_KEY_UISupportedInterfaceOrientations = UIInterfaceOrientationPortrait;
				LD_RUNPATH_SEARCH_PATHS = (
					"$(inherited)",
					"@executable_path/Frameworks",
				);
				MARKETING_VERSION = 1.0.0;
				PRODUCT_BUNDLE_IDENTIFIER = "com.alhafez-almtmaez.ios";
				PRODUCT_MODULE_NAME = AlhafezAlmtmaez;
				PRODUCT_NAME = "الحافظ المتميز";
				SWIFT_EMIT_LOC_STRINGS = YES;
				SWIFT_VERSION = 5.0;
				TARGETED_DEVICE_FAMILY = "1,2";
			};
			name = Debug;
		};
		64EFAE4B2AFEA88400C34799 /* Release */ = {
			isa = XCBuildConfiguration;
			buildSettings = {
				ASSETCATALOG_COMPILER_APPICON_NAME = AppIcon;
				ASSETCATALOG_COMPILER_GLOBAL_ACCENT_COLOR_NAME = AccentColor;
				CODE_SIGN_STYLE = Automatic;
				CURRENT_PROJECT_VERSION = 1;
				DEVELOPMENT_TEAM = WC36D4V4KU;
				GENERATE_INFOPLIST_FILE = YES;
				INFOPLIST_FILE = AlhafezAlmtmaez/Info.plist;
				INFOPLIST_KEY_CFBundleDisplayName = "الحافظ المتميز";
				INFOPLIST_KEY_UIApplicationSupportsIndirectInputEvents = YES;
				INFOPLIST_KEY_UILaunchStoryboardName = LaunchScreen;
				INFOPLIST_KEY_UIMainStoryboardFile = Main;
				INFOPLIST_KEY_UIStatusBarHidden = YES;
				INFOPLIST_KEY_UIStatusBarStyle = UIStatusBarStyleLightContent;
				INFOPLIST_KEY_UISupportedInterfaceOrientations = UIInterfaceOrientationPortrait;
				LD_RUNPATH_SEARCH_PATHS = (
					"$(inherited)",
					"@executable_path/Frameworks",
				);
				MARKETING_VERSION = 1.0.0;
				PRODUCT_BUNDLE_IDENTIFIER = "com.alhafez-almtmaez.ios";
				PRODUCT_MODULE_NAME = AlhafezAlmtmaez;
				PRODUCT_NAME = "الحافظ المتميز";
				SWIFT_EMIT_LOC_STRINGS = YES;
				SWIFT_VERSION = 5.0;
				TARGETED_DEVICE_FAMILY = "1,2";
			};
			name = Release;
		};
/* End XCBuildConfiguration section */

/* Begin XCConfigurationList section */
		64EFAE302AFEA88200C34799 /* Build configuration list for PBXProject "AlhafezAlmtmaez" */ = {
			isa = XCConfigurationList;
			buildConfigurations = (
				64EFAE472AFEA88400C34799 /* Debug */,
				64EFAE482AFEA88400C34799 /* Release */,
			);
			defaultConfigurationIsVisible = 0;
			defaultConfigurationName = Release;
		};
		64EFAE492AFEA88400C34799 /* Build configuration list for PBXNativeTarget "AlhafezAlmtmaez" */ = {
			isa = XCConfigurationList;
			buildConfigurations = (
				64EFAE4A2AFEA88400C34799 /* Debug */,
				64EFAE4B2AFEA88400C34799 /* Release */,
			);
			defaultConfigurationIsVisible = 0;
			defaultConfigurationName = Release;
		};
/* End XCConfigurationList section */

/* Begin XCRemoteSwiftPackageReference section */
		642727A82B1CA9DB00A69C7E /* XCRemoteSwiftPackageReference "Alamofire" */ = {
			isa = XCRemoteSwiftPackageReference;
			repositoryURL = "https://github.com/Alamofire/Alamofire.git";
			requirement = {
				kind = upToNextMajorVersion;
				minimumVersion = 5.8.1;
			};
		};
		642727AB2B1CAA0F00A69C7E /* XCRemoteSwiftPackageReference "Toast-Swift" */ = {
			isa = XCRemoteSwiftPackageReference;
			repositoryURL = "https://github.com/scalessec/Toast-Swift.git";
			requirement = {
				kind = upToNextMajorVersion;
				minimumVersion = 5.0.1;
			};
		};
/* End XCRemoteSwiftPackageReference section */

/* Begin XCSwiftPackageProductDependency section */
		642727A92B1CA9DB00A69C7E /* Alamofire */ = {
			isa = XCSwiftPackageProductDependency;
			package = 642727A82B1CA9DB00A69C7E /* XCRemoteSwiftPackageReference "Alamofire" */;
			productName = Alamofire;
		};
		642727AC2B1CAA0F00A69C7E /* Toast */ = {
			isa = XCSwiftPackageProductDependency;
			package = 642727AB2B1CAA0F00A69C7E /* XCRemoteSwiftPackageReference "Toast-Swift" */;
			productName = Toast;
		};
/* End XCSwiftPackageProductDependency section */
	};
	rootObject = 64EFAE2D2AFEA88200C34799 /* Project object */;
}
